// !$*UTF8*$!
{
	archiveVersion = 1;
	classes = {
	};
	objectVersion = 56;
	objects = {

/* Begin PBXBuildFile section */
		845DD3ED2BA2C20A0073E78F /* ImagePicker.swift in Sources */ = {isa = PBXBuildFile; fileRef = 845DD3E82BA2C20A0073E78F /* ImagePicker.swift */; };
		845DD3EE2BA2C20A0073E78F /* ImagePickerButton.swift in Sources */ = {isa = PBXBuildFile; fileRef = 845DD3E92BA2C20A0073E78F /* ImagePickerButton.swift */; };
		845DD3EF2BA2C20A0073E78F /* ImagePlaceholder.swift in Sources */ = {isa = PBXBuildFile; fileRef = 845DD3EA2BA2C20A0073E78F /* ImagePlaceholder.swift */; };
		845DD3F02BA2C20A0073E78F /* Slider.swift in Sources */ = {isa = PBXBuildFile; fileRef = 845DD3EC2BA2C20A0073E78F /* Slider.swift */; };
		845DD3FC2BA2C5B30073E78F /* SDWebImageSwiftUI in Frameworks */ = {isa = PBXBuildFile; productRef = 845DD3FB2BA2C5B30073E78F /* SDWebImageSwiftUI */; };
		845DD3FE2BA2C6210073E78F /* PhoneInputView.swift in Sources */ = {isa = PBXBuildFile; fileRef = 845DD3FD2BA2C6210073E78F /* PhoneInputView.swift */; };
		845DD4012BA2C6D70073E78F /* KDCountryPicker in Frameworks */ = {isa = PBXBuildFile; productRef = 845DD4002BA2C6D70073E78F /* KDCountryPicker */; };
		845DD4032BA2C6FE0073E78F /* DatePickerField.swift in Sources */ = {isa = PBXBuildFile; fileRef = 845DD4022BA2C6FE0073E78F /* DatePickerField.swift */; };
		845DD4052BA2C8340073E78F /* DropDownField.swift in Sources */ = {isa = PBXBuildFile; fileRef = 845DD4042BA2C8340073E78F /* DropDownField.swift */; };
		84E425EA2BA1E4060057C72F /* EnBitClothingsApp.swift in Sources */ = {isa = PBXBuildFile; fileRef = 84E425E92BA1E4060057C72F /* EnBitClothingsApp.swift */; };
		84E425EC2BA1E4060057C72F /* ContentView.swift in Sources */ = {isa = PBXBuildFile; fileRef = 84E425EB2BA1E4060057C72F /* ContentView.swift */; };
		84E425EE2BA1E4070057C72F /* Assets.xcassets in Resources */ = {isa = PBXBuildFile; fileRef = 84E425ED2BA1E4070057C72F /* Assets.xcassets */; };
		84E425F12BA1E4070057C72F /* Preview Assets.xcassets in Resources */ = {isa = PBXBuildFile; fileRef = 84E425F02BA1E4070057C72F /* Preview Assets.xcassets */; };
		84E426012BA1ECF20057C72F /* BaseView.swift in Sources */ = {isa = PBXBuildFile; fileRef = 84E426002BA1ECF20057C72F /* BaseView.swift */; };
		84E426032BA1ED2B0057C72F /* BaseVM.swift in Sources */ = {isa = PBXBuildFile; fileRef = 84E426022BA1ED2B0057C72F /* BaseVM.swift */; };
		84E426062BA1EE220057C72F /* RappleProgressHUD in Frameworks */ = {isa = PBXBuildFile; productRef = 84E426052BA1EE220057C72F /* RappleProgressHUD */; };
		84E426092BA1EE640057C72F /* Logger.swift in Sources */ = {isa = PBXBuildFile; fileRef = 84E426082BA1EE640057C72F /* Logger.swift */; };
		84E4260C2BA1EEE30057C72F /* UIApplication+Extension.swift in Sources */ = {isa = PBXBuildFile; fileRef = 84E4260B2BA1EEE30057C72F /* UIApplication+Extension.swift */; };
		84E4260F2BA1EF960057C72F /* SwiftyJSON in Frameworks */ = {isa = PBXBuildFile; productRef = 84E4260E2BA1EF960057C72F /* SwiftyJSON */; };
		84E426172BA1F0490057C72F /* Handlers.swift in Sources */ = {isa = PBXBuildFile; fileRef = 84E426162BA1F0490057C72F /* Handlers.swift */; };
		84E426192BA1F0F90057C72F /* Models.swift in Sources */ = {isa = PBXBuildFile; fileRef = 84E426182BA1F0F90057C72F /* Models.swift */; };
		84E4261B2BA1F15A0057C72F /* Localizing.swift in Sources */ = {isa = PBXBuildFile; fileRef = 84E4261A2BA1F15A0057C72F /* Localizing.swift */; };
		84E4261D2BA1F1890057C72F /* CharacterCounts.swift in Sources */ = {isa = PBXBuildFile; fileRef = 84E4261C2BA1F1890057C72F /* CharacterCounts.swift */; };
		84E426202BA1F2010057C72F /* LoadingDelegate.swift in Sources */ = {isa = PBXBuildFile; fileRef = 84E4261F2BA1F2010057C72F /* LoadingDelegate.swift */; };
		84E426282BA1F7AE0057C72F /* InitialScreenView.swift in Sources */ = {isa = PBXBuildFile; fileRef = 84E426272BA1F7AE0057C72F /* InitialScreenView.swift */; };
		84E4262A2BA1F7BA0057C72F /* InitialScreenVM.swift in Sources */ = {isa = PBXBuildFile; fileRef = 84E426292BA1F7BA0057C72F /* InitialScreenVM.swift */; };
		84E4262D2BA1F80A0057C72F /* SignUpView.swift in Sources */ = {isa = PBXBuildFile; fileRef = 84E4262C2BA1F80A0057C72F /* SignUpView.swift */; };
		84E4262F2BA1F82B0057C72F /* SignUpVM.swift in Sources */ = {isa = PBXBuildFile; fileRef = 84E4262E2BA1F82B0057C72F /* SignUpVM.swift */; };
		84E426322BA1F85C0057C72F /* SignInView.swift in Sources */ = {isa = PBXBuildFile; fileRef = 84E426312BA1F85C0057C72F /* SignInView.swift */; };
		84E426342BA1F86B0057C72F /* SignInVM.swift in Sources */ = {isa = PBXBuildFile; fileRef = 84E426332BA1F86B0057C72F /* SignInVM.swift */; };
		84E426372BA1F8A60057C72F /* CompleteProfileView.swift in Sources */ = {isa = PBXBuildFile; fileRef = 84E426362BA1F8A60057C72F /* CompleteProfileView.swift */; };
		84E426392BA1F8BE0057C72F /* CompleteProfileVM.swift in Sources */ = {isa = PBXBuildFile; fileRef = 84E426382BA1F8BE0057C72F /* CompleteProfileVM.swift */; };
		84E4263C2BA1F9500057C72F /* VerificationView.swift in Sources */ = {isa = PBXBuildFile; fileRef = 84E4263B2BA1F9500057C72F /* VerificationView.swift */; };
		84E4263E2BA1F9700057C72F /* VerificationVM.swift in Sources */ = {isa = PBXBuildFile; fileRef = 84E4263D2BA1F9700057C72F /* VerificationVM.swift */; };
		84E426402BA1F98A0057C72F /* OTPView.swift in Sources */ = {isa = PBXBuildFile; fileRef = 84E4263F2BA1F98A0057C72F /* OTPView.swift */; };
		84E426432BA1F9C00057C72F /* ForgotPasswordView.swift in Sources */ = {isa = PBXBuildFile; fileRef = 84E426422BA1F9C00057C72F /* ForgotPasswordView.swift */; };
		84E426452BA1F9CD0057C72F /* ForgotPasswordVM.swift in Sources */ = {isa = PBXBuildFile; fileRef = 84E426442BA1F9CD0057C72F /* ForgotPasswordVM.swift */; };
		84E426472BA1F9DD0057C72F /* ForgotPasswordSuccess.swift in Sources */ = {isa = PBXBuildFile; fileRef = 84E426462BA1F9DD0057C72F /* ForgotPasswordSuccess.swift */; };
		84E4264A2BA201F80057C72F /* CommenButton.swift in Sources */ = {isa = PBXBuildFile; fileRef = 84E426492BA201F80057C72F /* CommenButton.swift */; };
		84E4264E2BA2023E0057C72F /* ViewExtension.swift in Sources */ = {isa = PBXBuildFile; fileRef = 84E4264B2BA2023E0057C72F /* ViewExtension.swift */; };
		84E4264F2BA2023E0057C72F /* ColorExtension.swift in Sources */ = {isa = PBXBuildFile; fileRef = 84E4264C2BA2023E0057C72F /* ColorExtension.swift */; };
		84E426502BA2023E0057C72F /* FontExtensions.swift in Sources */ = {isa = PBXBuildFile; fileRef = 84E4264D2BA2023E0057C72F /* FontExtensions.swift */; };
		84E426542BA202760057C72F /* HalfSheet.swift in Sources */ = {isa = PBXBuildFile; fileRef = 84E426522BA202760057C72F /* HalfSheet.swift */; };
		84E426552BA202760057C72F /* CustomTFStyle.swift in Sources */ = {isa = PBXBuildFile; fileRef = 84E426532BA202760057C72F /* CustomTFStyle.swift */; };
		84E4265B2BA202A80057C72F /* Roboto-Medium.ttf in Resources */ = {isa = PBXBuildFile; fileRef = 84E426572BA202A80057C72F /* Roboto-Medium.ttf */; };
		84E4265C2BA202A80057C72F /* Roboto-Regular.ttf in Resources */ = {isa = PBXBuildFile; fileRef = 84E426582BA202A80057C72F /* Roboto-Regular.ttf */; };
		84E4265D2BA202A80057C72F /* Roboto-Italic.ttf in Resources */ = {isa = PBXBuildFile; fileRef = 84E426592BA202A80057C72F /* Roboto-Italic.ttf */; };
		84E4265E2BA202A80057C72F /* Roboto-Bold.ttf in Resources */ = {isa = PBXBuildFile; fileRef = 84E4265A2BA202A80057C72F /* Roboto-Bold.ttf */; };
		84E426622BA202C30057C72F /* ValidateViewModifier.swift in Sources */ = {isa = PBXBuildFile; fileRef = 84E426602BA202C20057C72F /* ValidateViewModifier.swift */; };
		84E426632BA202C30057C72F /* Validators.swift in Sources */ = {isa = PBXBuildFile; fileRef = 84E426612BA202C20057C72F /* Validators.swift */; };
		84E426672BA204990057C72F /* Regex in Frameworks */ = {isa = PBXBuildFile; productRef = 84E426662BA204990057C72F /* Regex */; };
		84E426692BA20EDC0057C72F /* NavigationBar.swift in Sources */ = {isa = PBXBuildFile; fileRef = 84E426682BA20EDC0057C72F /* NavigationBar.swift */; };
		84E4266B2BA20EF70057C72F /* EmailField.swift in Sources */ = {isa = PBXBuildFile; fileRef = 84E4266A2BA20EF70057C72F /* EmailField.swift */; };
		84E4266D2BA20F0B0057C72F /* CommonTextField.swift in Sources */ = {isa = PBXBuildFile; fileRef = 84E4266C2BA20F0B0057C72F /* CommonTextField.swift */; };
		84E4266F2BA20F2A0057C72F /* PasswordField.swift in Sources */ = {isa = PBXBuildFile; fileRef = 84E4266E2BA20F2A0057C72F /* PasswordField.swift */; };
		84E426722BA20FA30057C72F /* ViewRouter.swift in Sources */ = {isa = PBXBuildFile; fileRef = 84E426712BA20FA30057C72F /* ViewRouter.swift */; };
		84E426772BA20FF30057C72F /* EnbitClothings.xcdatamodeld in Sources */ = {isa = PBXBuildFile; fileRef = 84E426742BA20FF20057C72F /* EnbitClothings.xcdatamodeld */; };
		84E426782BA20FF30057C72F /* Persistence.swift in Sources */ = {isa = PBXBuildFile; fileRef = 84E426762BA20FF20057C72F /* Persistence.swift */; };
		84E4267B2BA210B90057C72F /* User.swift in Sources */ = {isa = PBXBuildFile; fileRef = 84E4267A2BA210B90057C72F /* User.swift */; };
		84E4267D2BA2130C0057C72F /* TabBar.swift in Sources */ = {isa = PBXBuildFile; fileRef = 84E4267C2BA2130C0057C72F /* TabBar.swift */; };
		84E6D8B92BA2D33500377EE4 /* LaunchScreen.storyboard in Resources */ = {isa = PBXBuildFile; fileRef = 84E6D8B82BA2D33500377EE4 /* LaunchScreen.storyboard */; };
		84E6D8F82BA2D46E00377EE4 /* MoreMenuVM.swift in Sources */ = {isa = PBXBuildFile; fileRef = 84E6D8BB2BA2D46E00377EE4 /* MoreMenuVM.swift */; };
		84E6D8F92BA2D46E00377EE4 /* MoreMenuView.swift in Sources */ = {isa = PBXBuildFile; fileRef = 84E6D8BC2BA2D46E00377EE4 /* MoreMenuView.swift */; };
		84E6D8FA2BA2D46E00377EE4 /* AboutUsView.swift in Sources */ = {isa = PBXBuildFile; fileRef = 84E6D8BE2BA2D46E00377EE4 /* AboutUsView.swift */; };
		84E6D8FB2BA2D46E00377EE4 /* AboutUsVM.swift in Sources */ = {isa = PBXBuildFile; fileRef = 84E6D8BF2BA2D46E00377EE4 /* AboutUsVM.swift */; };
		84E6D9022BA2D46E00377EE4 /* EditProfileView.swift in Sources */ = {isa = PBXBuildFile; fileRef = 84E6D8CB2BA2D46E00377EE4 /* EditProfileView.swift */; };
		84E6D9032BA2D46E00377EE4 /* EditProfileVM.swift in Sources */ = {isa = PBXBuildFile; fileRef = 84E6D8CC2BA2D46E00377EE4 /* EditProfileVM.swift */; };
		84E6D9062BA2D46E00377EE4 /* MyProfileView.swift in Sources */ = {isa = PBXBuildFile; fileRef = 84E6D8D02BA2D46E00377EE4 /* MyProfileView.swift */; };
		84E6D9072BA2D46E00377EE4 /* ProfileDetailField.swift in Sources */ = {isa = PBXBuildFile; fileRef = 84E6D8D22BA2D46E00377EE4 /* ProfileDetailField.swift */; };
		84E6D9082BA2D46E00377EE4 /* MyProfileVM.swift in Sources */ = {isa = PBXBuildFile; fileRef = 84E6D8D32BA2D46E00377EE4 /* MyProfileVM.swift */; };
		84E6D9092BA2D46E00377EE4 /* ChangePasswordView.swift in Sources */ = {isa = PBXBuildFile; fileRef = 84E6D8D52BA2D46E00377EE4 /* ChangePasswordView.swift */; };
		84E6D90A2BA2D46E00377EE4 /* ChangePasswordVM.swift in Sources */ = {isa = PBXBuildFile; fileRef = 84E6D8D62BA2D46E00377EE4 /* ChangePasswordVM.swift */; };
		84E6D90B2BA2D46E00377EE4 /* TermsAndConditionsView.swift in Sources */ = {isa = PBXBuildFile; fileRef = 84E6D8D82BA2D46E00377EE4 /* TermsAndConditionsView.swift */; };
		84E6D90C2BA2D46E00377EE4 /* TermsAndConditionsVM.swift in Sources */ = {isa = PBXBuildFile; fileRef = 84E6D8D92BA2D46E00377EE4 /* TermsAndConditionsVM.swift */; };
		84E6D90D2BA2D46E00377EE4 /* ContactUsView.swift in Sources */ = {isa = PBXBuildFile; fileRef = 84E6D8DB2BA2D46E00377EE4 /* ContactUsView.swift */; };
		84E6D90E2BA2D46E00377EE4 /* SocialButton.swift in Sources */ = {isa = PBXBuildFile; fileRef = 84E6D8DD2BA2D46E00377EE4 /* SocialButton.swift */; };
		84E6D90F2BA2D46E00377EE4 /* ContactUsVM.swift in Sources */ = {isa = PBXBuildFile; fileRef = 84E6D8DE2BA2D46E00377EE4 /* ContactUsVM.swift */; };
		84E6D9102BA2D46E00377EE4 /* AppSettingsVM.swift in Sources */ = {isa = PBXBuildFile; fileRef = 84E6D8E02BA2D46E00377EE4 /* AppSettingsVM.swift */; };
		84E6D9112BA2D46E00377EE4 /* AppSettingsView.swift in Sources */ = {isa = PBXBuildFile; fileRef = 84E6D8E12BA2D46E00377EE4 /* AppSettingsView.swift */; };
		84E6D9162BA2D46E00377EE4 /* PrivacyPolicyVM.swift in Sources */ = {isa = PBXBuildFile; fileRef = 84E6D8E92BA2D46E00377EE4 /* PrivacyPolicyVM.swift */; };
		84E6D9172BA2D46E00377EE4 /* PrivacyPolicyView.swift in Sources */ = {isa = PBXBuildFile; fileRef = 84E6D8EA2BA2D46E00377EE4 /* PrivacyPolicyView.swift */; };
		84E6D9212BA2D67B00377EE4 /* ButtonWithIcon.swift in Sources */ = {isa = PBXBuildFile; fileRef = 84E6D9202BA2D67B00377EE4 /* ButtonWithIcon.swift */; };
		84E6D9232BA2D6A900377EE4 /* MultiLineTextField.swift in Sources */ = {isa = PBXBuildFile; fileRef = 84E6D9222BA2D6A900377EE4 /* MultiLineTextField.swift */; };
		84E6D9272BA2E34600377EE4 /* FavouritesView.swift in Sources */ = {isa = PBXBuildFile; fileRef = 84E6D9252BA2E34600377EE4 /* FavouritesView.swift */; };
		84E6D9282BA2E34600377EE4 /* FavouritesVM.swift in Sources */ = {isa = PBXBuildFile; fileRef = 84E6D9262BA2E34600377EE4 /* FavouritesVM.swift */; };
		84E6D92A2BA2E38700377EE4 /* HomeItemCardView.swift in Sources */ = {isa = PBXBuildFile; fileRef = 84E6D9292BA2E38700377EE4 /* HomeItemCardView.swift */; };
		84E6D9512BA2E57600377EE4 /* HomeVM.swift in Sources */ = {isa = PBXBuildFile; fileRef = 84E6D9362BA2E57600377EE4 /* HomeVM.swift */; };
		84E6D9522BA2E57600377EE4 /* HomeView.swift in Sources */ = {isa = PBXBuildFile; fileRef = 84E6D9372BA2E57600377EE4 /* HomeView.swift */; };
		84E6D9582BA2E57600377EE4 /* ItemDetailsVM.swift in Sources */ = {isa = PBXBuildFile; fileRef = 84E6D9412BA2E57600377EE4 /* ItemDetailsVM.swift */; };
		84E6D9592BA2E57600377EE4 /* ItemDetailsView.swift in Sources */ = {isa = PBXBuildFile; fileRef = 84E6D9422BA2E57600377EE4 /* ItemDetailsView.swift */; };
		84E6D9612BA2E5FA00377EE4 /* SearchBar.swift in Sources */ = {isa = PBXBuildFile; fileRef = 84E6D9602BA2E5FA00377EE4 /* SearchBar.swift */; };
		84E6D9632BA2E66300377EE4 /* CategoryButton.swift in Sources */ = {isa = PBXBuildFile; fileRef = 84E6D9622BA2E66300377EE4 /* CategoryButton.swift */; };
		84E6D9652BA2E73D00377EE4 /* Categories.swift in Sources */ = {isa = PBXBuildFile; fileRef = 84E6D9642BA2E73D00377EE4 /* Categories.swift */; };
		84E6D96D2BA311F800377EE4 /* CartVM.swift in Sources */ = {isa = PBXBuildFile; fileRef = 84E6D96B2BA311F800377EE4 /* CartVM.swift */; };
		84E6D96E2BA311F800377EE4 /* CartView.swift in Sources */ = {isa = PBXBuildFile; fileRef = 84E6D96C2BA311F800377EE4 /* CartView.swift */; };
		84E6D9702BA312CA00377EE4 /* AddItemCard.swift in Sources */ = {isa = PBXBuildFile; fileRef = 84E6D96F2BA312CA00377EE4 /* AddItemCard.swift */; };
		84E6D9762BA3135800377EE4 /* PaymentMethodsVM.swift in Sources */ = {isa = PBXBuildFile; fileRef = 84E6D9722BA3135800377EE4 /* PaymentMethodsVM.swift */; };
		84E6D9772BA3135800377EE4 /* PaymentMethodsView.swift in Sources */ = {isa = PBXBuildFile; fileRef = 84E6D9732BA3135800377EE4 /* PaymentMethodsView.swift */; };
		84E6D9782BA3135800377EE4 /* SavedCardView.swift in Sources */ = {isa = PBXBuildFile; fileRef = 84E6D9752BA3135800377EE4 /* SavedCardView.swift */; };
		84E6D97A2BA3137E00377EE4 /* PaymentSheet.swift in Sources */ = {isa = PBXBuildFile; fileRef = 84E6D9792BA3137E00377EE4 /* PaymentSheet.swift */; };
		84E6D97C2BA313AE00377EE4 /* CardDetailField.swift in Sources */ = {isa = PBXBuildFile; fileRef = 84E6D97B2BA313AE00377EE4 /* CardDetailField.swift */; };
		9C1A3BB92BA9B4CC003BC947 /* Card.swift in Sources */ = {isa = PBXBuildFile; fileRef = 9C1A3BB82BA9B4CC003BC947 /* Card.swift */; };
		9C1A3BBB2BA9BF99003BC947 /* Favourites.swift in Sources */ = {isa = PBXBuildFile; fileRef = 9C1A3BBA2BA9BF99003BC947 /* Favourites.swift */; };
		9C4AC4D52BA9F763006C6D21 /* Cart.swift in Sources */ = {isa = PBXBuildFile; fileRef = 9C4AC4D42BA9F763006C6D21 /* Cart.swift */; };
		9C9B73EF2BA7B09300A18A50 /* Alamofire in Frameworks */ = {isa = PBXBuildFile; productRef = 9C9B73EE2BA7B09300A18A50 /* Alamofire */; };
		9C9B73F12BA7B09300A18A50 /* AlamofireDynamic in Frameworks */ = {isa = PBXBuildFile; productRef = 9C9B73F02BA7B09300A18A50 /* AlamofireDynamic */; };
		9CEBC1562BA6A2B3004E9719 /* Reachability.swift in Sources */ = {isa = PBXBuildFile; fileRef = 9CEBC1512BA6A2B2004E9719 /* Reachability.swift */; };
		9CEBC1572BA6A2B3004E9719 /* AFWrapper.swift in Sources */ = {isa = PBXBuildFile; fileRef = 9CEBC1522BA6A2B2004E9719 /* AFWrapper.swift */; };
		9CEBC15D2BA6AC16004E9719 /* iBSUserDefaults.swift in Sources */ = {isa = PBXBuildFile; fileRef = 9CEBC15B2BA6AC15004E9719 /* iBSUserDefaults.swift */; };
		9CEC509D2BA93CC90009F6DC /* Alamofire in Frameworks */ = {isa = PBXBuildFile; productRef = 9CEC509C2BA93CC90009F6DC /* Alamofire */; };
		9CEC509F2BA93CC90009F6DC /* AlamofireDynamic in Frameworks */ = {isa = PBXBuildFile; productRef = 9CEC509E2BA93CC90009F6DC /* AlamofireDynamic */; };
		9CEC50A22BA93D230009F6DC /* PhoneNumberKit in Frameworks */ = {isa = PBXBuildFile; productRef = 9CEC50A12BA93D230009F6DC /* PhoneNumberKit */; };
		9CEC50A42BA93D230009F6DC /* PhoneNumberKit-Dynamic in Frameworks */ = {isa = PBXBuildFile; productRef = 9CEC50A32BA93D230009F6DC /* PhoneNumberKit-Dynamic */; };
		9CEC50A62BA93D230009F6DC /* PhoneNumberKit-Static in Frameworks */ = {isa = PBXBuildFile; productRef = 9CEC50A52BA93D230009F6DC /* PhoneNumberKit-Static */; };
		9CEC50A82BA950930009F6DC /* Product.swift in Sources */ = {isa = PBXBuildFile; fileRef = 9CEC50A72BA950930009F6DC /* Product.swift */; };
/* End PBXBuildFile section */

/* Begin PBXCopyFilesBuildPhase section */
		84D14F7A2BA42317006F8E53 /* Embed Frameworks */ = {
			isa = PBXCopyFilesBuildPhase;
			buildActionMask = 2147483647;
			dstPath = "";
			dstSubfolderSpec = 10;
			files = (
			);
			name = "Embed Frameworks";
			runOnlyForDeploymentPostprocessing = 0;
		};
/* End PBXCopyFilesBuildPhase section */

/* Begin PBXFileReference section */
		845DD3E82BA2C20A0073E78F /* ImagePicker.swift */ = {isa = PBXFileReference; fileEncoding = 4; lastKnownFileType = sourcecode.swift; path = ImagePicker.swift; sourceTree = "<group>"; };
		845DD3E92BA2C20A0073E78F /* ImagePickerButton.swift */ = {isa = PBXFileReference; fileEncoding = 4; lastKnownFileType = sourcecode.swift; path = ImagePickerButton.swift; sourceTree = "<group>"; };
		845DD3EA2BA2C20A0073E78F /* ImagePlaceholder.swift */ = {isa = PBXFileReference; fileEncoding = 4; lastKnownFileType = sourcecode.swift; path = ImagePlaceholder.swift; sourceTree = "<group>"; };
		845DD3EC2BA2C20A0073E78F /* Slider.swift */ = {isa = PBXFileReference; fileEncoding = 4; lastKnownFileType = sourcecode.swift; path = Slider.swift; sourceTree = "<group>"; };
		845DD3FD2BA2C6210073E78F /* PhoneInputView.swift */ = {isa = PBXFileReference; fileEncoding = 4; lastKnownFileType = sourcecode.swift; path = PhoneInputView.swift; sourceTree = "<group>"; };
		845DD4022BA2C6FE0073E78F /* DatePickerField.swift */ = {isa = PBXFileReference; fileEncoding = 4; lastKnownFileType = sourcecode.swift; path = DatePickerField.swift; sourceTree = "<group>"; };
		845DD4042BA2C8340073E78F /* DropDownField.swift */ = {isa = PBXFileReference; fileEncoding = 4; lastKnownFileType = sourcecode.swift; path = DropDownField.swift; sourceTree = "<group>"; };
		84E425E62BA1E4060057C72F /* EnBitClothings.app */ = {isa = PBXFileReference; explicitFileType = wrapper.application; includeInIndex = 0; path = EnBitClothings.app; sourceTree = BUILT_PRODUCTS_DIR; };
		84E425E92BA1E4060057C72F /* EnBitClothingsApp.swift */ = {isa = PBXFileReference; lastKnownFileType = sourcecode.swift; path = EnBitClothingsApp.swift; sourceTree = "<group>"; };
		84E425EB2BA1E4060057C72F /* ContentView.swift */ = {isa = PBXFileReference; lastKnownFileType = sourcecode.swift; path = ContentView.swift; sourceTree = "<group>"; };
		84E425ED2BA1E4070057C72F /* Assets.xcassets */ = {isa = PBXFileReference; lastKnownFileType = folder.assetcatalog; path = Assets.xcassets; sourceTree = "<group>"; };
		84E425F02BA1E4070057C72F /* Preview Assets.xcassets */ = {isa = PBXFileReference; lastKnownFileType = folder.assetcatalog; path = "Preview Assets.xcassets"; sourceTree = "<group>"; };
		84E426002BA1ECF20057C72F /* BaseView.swift */ = {isa = PBXFileReference; lastKnownFileType = sourcecode.swift; path = BaseView.swift; sourceTree = "<group>"; };
		84E426022BA1ED2B0057C72F /* BaseVM.swift */ = {isa = PBXFileReference; lastKnownFileType = sourcecode.swift; path = BaseVM.swift; sourceTree = "<group>"; };
		84E426082BA1EE640057C72F /* Logger.swift */ = {isa = PBXFileReference; lastKnownFileType = sourcecode.swift; path = Logger.swift; sourceTree = "<group>"; };
		84E4260B2BA1EEE30057C72F /* UIApplication+Extension.swift */ = {isa = PBXFileReference; lastKnownFileType = sourcecode.swift; path = "UIApplication+Extension.swift"; sourceTree = "<group>"; };
		84E426162BA1F0490057C72F /* Handlers.swift */ = {isa = PBXFileReference; lastKnownFileType = sourcecode.swift; path = Handlers.swift; sourceTree = "<group>"; };
		84E426182BA1F0F90057C72F /* Models.swift */ = {isa = PBXFileReference; lastKnownFileType = sourcecode.swift; path = Models.swift; sourceTree = "<group>"; };
		84E4261A2BA1F15A0057C72F /* Localizing.swift */ = {isa = PBXFileReference; lastKnownFileType = sourcecode.swift; path = Localizing.swift; sourceTree = "<group>"; };
		84E4261C2BA1F1890057C72F /* CharacterCounts.swift */ = {isa = PBXFileReference; lastKnownFileType = sourcecode.swift; path = CharacterCounts.swift; sourceTree = "<group>"; };
		84E4261F2BA1F2010057C72F /* LoadingDelegate.swift */ = {isa = PBXFileReference; lastKnownFileType = sourcecode.swift; path = LoadingDelegate.swift; sourceTree = "<group>"; };
		84E426272BA1F7AE0057C72F /* InitialScreenView.swift */ = {isa = PBXFileReference; lastKnownFileType = sourcecode.swift; path = InitialScreenView.swift; sourceTree = "<group>"; };
		84E426292BA1F7BA0057C72F /* InitialScreenVM.swift */ = {isa = PBXFileReference; lastKnownFileType = sourcecode.swift; path = InitialScreenVM.swift; sourceTree = "<group>"; };
		84E4262C2BA1F80A0057C72F /* SignUpView.swift */ = {isa = PBXFileReference; lastKnownFileType = sourcecode.swift; path = SignUpView.swift; sourceTree = "<group>"; };
		84E4262E2BA1F82B0057C72F /* SignUpVM.swift */ = {isa = PBXFileReference; lastKnownFileType = sourcecode.swift; path = SignUpVM.swift; sourceTree = "<group>"; };
		84E426312BA1F85C0057C72F /* SignInView.swift */ = {isa = PBXFileReference; lastKnownFileType = sourcecode.swift; path = SignInView.swift; sourceTree = "<group>"; };
		84E426332BA1F86B0057C72F /* SignInVM.swift */ = {isa = PBXFileReference; lastKnownFileType = sourcecode.swift; path = SignInVM.swift; sourceTree = "<group>"; };
		84E426362BA1F8A60057C72F /* CompleteProfileView.swift */ = {isa = PBXFileReference; lastKnownFileType = sourcecode.swift; path = CompleteProfileView.swift; sourceTree = "<group>"; };
		84E426382BA1F8BE0057C72F /* CompleteProfileVM.swift */ = {isa = PBXFileReference; lastKnownFileType = sourcecode.swift; path = CompleteProfileVM.swift; sourceTree = "<group>"; };
		84E4263B2BA1F9500057C72F /* VerificationView.swift */ = {isa = PBXFileReference; lastKnownFileType = sourcecode.swift; path = VerificationView.swift; sourceTree = "<group>"; };
		84E4263D2BA1F9700057C72F /* VerificationVM.swift */ = {isa = PBXFileReference; lastKnownFileType = sourcecode.swift; path = VerificationVM.swift; sourceTree = "<group>"; };
		84E4263F2BA1F98A0057C72F /* OTPView.swift */ = {isa = PBXFileReference; lastKnownFileType = sourcecode.swift; path = OTPView.swift; sourceTree = "<group>"; };
		84E426422BA1F9C00057C72F /* ForgotPasswordView.swift */ = {isa = PBXFileReference; lastKnownFileType = sourcecode.swift; path = ForgotPasswordView.swift; sourceTree = "<group>"; };
		84E426442BA1F9CD0057C72F /* ForgotPasswordVM.swift */ = {isa = PBXFileReference; lastKnownFileType = sourcecode.swift; path = ForgotPasswordVM.swift; sourceTree = "<group>"; };
		84E426462BA1F9DD0057C72F /* ForgotPasswordSuccess.swift */ = {isa = PBXFileReference; lastKnownFileType = sourcecode.swift; path = ForgotPasswordSuccess.swift; sourceTree = "<group>"; };
		84E426492BA201F80057C72F /* CommenButton.swift */ = {isa = PBXFileReference; lastKnownFileType = sourcecode.swift; path = CommenButton.swift; sourceTree = "<group>"; };
		84E4264B2BA2023E0057C72F /* ViewExtension.swift */ = {isa = PBXFileReference; fileEncoding = 4; lastKnownFileType = sourcecode.swift; path = ViewExtension.swift; sourceTree = "<group>"; };
		84E4264C2BA2023E0057C72F /* ColorExtension.swift */ = {isa = PBXFileReference; fileEncoding = 4; lastKnownFileType = sourcecode.swift; path = ColorExtension.swift; sourceTree = "<group>"; };
		84E4264D2BA2023E0057C72F /* FontExtensions.swift */ = {isa = PBXFileReference; fileEncoding = 4; lastKnownFileType = sourcecode.swift; path = FontExtensions.swift; sourceTree = "<group>"; };
		84E426522BA202760057C72F /* HalfSheet.swift */ = {isa = PBXFileReference; fileEncoding = 4; lastKnownFileType = sourcecode.swift; path = HalfSheet.swift; sourceTree = "<group>"; };
		84E426532BA202760057C72F /* CustomTFStyle.swift */ = {isa = PBXFileReference; fileEncoding = 4; lastKnownFileType = sourcecode.swift; path = CustomTFStyle.swift; sourceTree = "<group>"; };
		84E426572BA202A80057C72F /* Roboto-Medium.ttf */ = {isa = PBXFileReference; lastKnownFileType = file; path = "Roboto-Medium.ttf"; sourceTree = "<group>"; };
		84E426582BA202A80057C72F /* Roboto-Regular.ttf */ = {isa = PBXFileReference; lastKnownFileType = file; path = "Roboto-Regular.ttf"; sourceTree = "<group>"; };
		84E426592BA202A80057C72F /* Roboto-Italic.ttf */ = {isa = PBXFileReference; lastKnownFileType = file; path = "Roboto-Italic.ttf"; sourceTree = "<group>"; };
		84E4265A2BA202A80057C72F /* Roboto-Bold.ttf */ = {isa = PBXFileReference; lastKnownFileType = file; path = "Roboto-Bold.ttf"; sourceTree = "<group>"; };
		84E426602BA202C20057C72F /* ValidateViewModifier.swift */ = {isa = PBXFileReference; fileEncoding = 4; lastKnownFileType = sourcecode.swift; path = ValidateViewModifier.swift; sourceTree = "<group>"; };
		84E426612BA202C20057C72F /* Validators.swift */ = {isa = PBXFileReference; fileEncoding = 4; lastKnownFileType = sourcecode.swift; path = Validators.swift; sourceTree = "<group>"; };
		84E426682BA20EDC0057C72F /* NavigationBar.swift */ = {isa = PBXFileReference; fileEncoding = 4; lastKnownFileType = sourcecode.swift; path = NavigationBar.swift; sourceTree = "<group>"; };
		84E4266A2BA20EF70057C72F /* EmailField.swift */ = {isa = PBXFileReference; fileEncoding = 4; lastKnownFileType = sourcecode.swift; path = EmailField.swift; sourceTree = "<group>"; };
		84E4266C2BA20F0B0057C72F /* CommonTextField.swift */ = {isa = PBXFileReference; fileEncoding = 4; lastKnownFileType = sourcecode.swift; path = CommonTextField.swift; sourceTree = "<group>"; };
		84E4266E2BA20F2A0057C72F /* PasswordField.swift */ = {isa = PBXFileReference; fileEncoding = 4; lastKnownFileType = sourcecode.swift; path = PasswordField.swift; sourceTree = "<group>"; };
		84E426712BA20FA30057C72F /* ViewRouter.swift */ = {isa = PBXFileReference; fileEncoding = 4; lastKnownFileType = sourcecode.swift; path = ViewRouter.swift; sourceTree = "<group>"; };
		84E426752BA20FF20057C72F /* iBSwiftUIExample.xcdatamodel */ = {isa = PBXFileReference; lastKnownFileType = wrapper.xcdatamodel; path = iBSwiftUIExample.xcdatamodel; sourceTree = "<group>"; };
		84E426762BA20FF20057C72F /* Persistence.swift */ = {isa = PBXFileReference; fileEncoding = 4; lastKnownFileType = sourcecode.swift; path = Persistence.swift; sourceTree = "<group>"; };
		84E4267A2BA210B90057C72F /* User.swift */ = {isa = PBXFileReference; lastKnownFileType = sourcecode.swift; path = User.swift; sourceTree = "<group>"; };
		84E4267C2BA2130C0057C72F /* TabBar.swift */ = {isa = PBXFileReference; fileEncoding = 4; lastKnownFileType = sourcecode.swift; path = TabBar.swift; sourceTree = "<group>"; };
		84E6D8B82BA2D33500377EE4 /* LaunchScreen.storyboard */ = {isa = PBXFileReference; fileEncoding = 4; lastKnownFileType = file.storyboard; path = LaunchScreen.storyboard; sourceTree = "<group>"; };
		84E6D8BB2BA2D46E00377EE4 /* MoreMenuVM.swift */ = {isa = PBXFileReference; fileEncoding = 4; lastKnownFileType = sourcecode.swift; path = MoreMenuVM.swift; sourceTree = "<group>"; };
		84E6D8BC2BA2D46E00377EE4 /* MoreMenuView.swift */ = {isa = PBXFileReference; fileEncoding = 4; lastKnownFileType = sourcecode.swift; path = MoreMenuView.swift; sourceTree = "<group>"; };
		84E6D8BE2BA2D46E00377EE4 /* AboutUsView.swift */ = {isa = PBXFileReference; fileEncoding = 4; lastKnownFileType = sourcecode.swift; path = AboutUsView.swift; sourceTree = "<group>"; };
		84E6D8BF2BA2D46E00377EE4 /* AboutUsVM.swift */ = {isa = PBXFileReference; fileEncoding = 4; lastKnownFileType = sourcecode.swift; path = AboutUsVM.swift; sourceTree = "<group>"; };
		84E6D8CB2BA2D46E00377EE4 /* EditProfileView.swift */ = {isa = PBXFileReference; fileEncoding = 4; lastKnownFileType = sourcecode.swift; path = EditProfileView.swift; sourceTree = "<group>"; };
		84E6D8CC2BA2D46E00377EE4 /* EditProfileVM.swift */ = {isa = PBXFileReference; fileEncoding = 4; lastKnownFileType = sourcecode.swift; path = EditProfileVM.swift; sourceTree = "<group>"; };
		84E6D8D02BA2D46E00377EE4 /* MyProfileView.swift */ = {isa = PBXFileReference; fileEncoding = 4; lastKnownFileType = sourcecode.swift; path = MyProfileView.swift; sourceTree = "<group>"; };
		84E6D8D22BA2D46E00377EE4 /* ProfileDetailField.swift */ = {isa = PBXFileReference; fileEncoding = 4; lastKnownFileType = sourcecode.swift; path = ProfileDetailField.swift; sourceTree = "<group>"; };
		84E6D8D32BA2D46E00377EE4 /* MyProfileVM.swift */ = {isa = PBXFileReference; fileEncoding = 4; lastKnownFileType = sourcecode.swift; path = MyProfileVM.swift; sourceTree = "<group>"; };
		84E6D8D52BA2D46E00377EE4 /* ChangePasswordView.swift */ = {isa = PBXFileReference; fileEncoding = 4; lastKnownFileType = sourcecode.swift; path = ChangePasswordView.swift; sourceTree = "<group>"; };
		84E6D8D62BA2D46E00377EE4 /* ChangePasswordVM.swift */ = {isa = PBXFileReference; fileEncoding = 4; lastKnownFileType = sourcecode.swift; path = ChangePasswordVM.swift; sourceTree = "<group>"; };
		84E6D8D82BA2D46E00377EE4 /* TermsAndConditionsView.swift */ = {isa = PBXFileReference; fileEncoding = 4; lastKnownFileType = sourcecode.swift; path = TermsAndConditionsView.swift; sourceTree = "<group>"; };
		84E6D8D92BA2D46E00377EE4 /* TermsAndConditionsVM.swift */ = {isa = PBXFileReference; fileEncoding = 4; lastKnownFileType = sourcecode.swift; path = TermsAndConditionsVM.swift; sourceTree = "<group>"; };
		84E6D8DB2BA2D46E00377EE4 /* ContactUsView.swift */ = {isa = PBXFileReference; fileEncoding = 4; lastKnownFileType = sourcecode.swift; path = ContactUsView.swift; sourceTree = "<group>"; };
		84E6D8DD2BA2D46E00377EE4 /* SocialButton.swift */ = {isa = PBXFileReference; fileEncoding = 4; lastKnownFileType = sourcecode.swift; path = SocialButton.swift; sourceTree = "<group>"; };
		84E6D8DE2BA2D46E00377EE4 /* ContactUsVM.swift */ = {isa = PBXFileReference; fileEncoding = 4; lastKnownFileType = sourcecode.swift; path = ContactUsVM.swift; sourceTree = "<group>"; };
		84E6D8E02BA2D46E00377EE4 /* AppSettingsVM.swift */ = {isa = PBXFileReference; fileEncoding = 4; lastKnownFileType = sourcecode.swift; path = AppSettingsVM.swift; sourceTree = "<group>"; };
		84E6D8E12BA2D46E00377EE4 /* AppSettingsView.swift */ = {isa = PBXFileReference; fileEncoding = 4; lastKnownFileType = sourcecode.swift; path = AppSettingsView.swift; sourceTree = "<group>"; };
		84E6D8E92BA2D46E00377EE4 /* PrivacyPolicyVM.swift */ = {isa = PBXFileReference; fileEncoding = 4; lastKnownFileType = sourcecode.swift; path = PrivacyPolicyVM.swift; sourceTree = "<group>"; };
		84E6D8EA2BA2D46E00377EE4 /* PrivacyPolicyView.swift */ = {isa = PBXFileReference; fileEncoding = 4; lastKnownFileType = sourcecode.swift; path = PrivacyPolicyView.swift; sourceTree = "<group>"; };
		84E6D9202BA2D67B00377EE4 /* ButtonWithIcon.swift */ = {isa = PBXFileReference; fileEncoding = 4; lastKnownFileType = sourcecode.swift; path = ButtonWithIcon.swift; sourceTree = "<group>"; };
		84E6D9222BA2D6A900377EE4 /* MultiLineTextField.swift */ = {isa = PBXFileReference; fileEncoding = 4; lastKnownFileType = sourcecode.swift; path = MultiLineTextField.swift; sourceTree = "<group>"; };
		84E6D9252BA2E34600377EE4 /* FavouritesView.swift */ = {isa = PBXFileReference; fileEncoding = 4; lastKnownFileType = sourcecode.swift; path = FavouritesView.swift; sourceTree = "<group>"; };
		84E6D9262BA2E34600377EE4 /* FavouritesVM.swift */ = {isa = PBXFileReference; fileEncoding = 4; lastKnownFileType = sourcecode.swift; path = FavouritesVM.swift; sourceTree = "<group>"; };
		84E6D9292BA2E38700377EE4 /* HomeItemCardView.swift */ = {isa = PBXFileReference; fileEncoding = 4; lastKnownFileType = sourcecode.swift; path = HomeItemCardView.swift; sourceTree = "<group>"; };
		84E6D9362BA2E57600377EE4 /* HomeVM.swift */ = {isa = PBXFileReference; fileEncoding = 4; lastKnownFileType = sourcecode.swift; path = HomeVM.swift; sourceTree = "<group>"; };
		84E6D9372BA2E57600377EE4 /* HomeView.swift */ = {isa = PBXFileReference; fileEncoding = 4; lastKnownFileType = sourcecode.swift; path = HomeView.swift; sourceTree = "<group>"; };
		84E6D9412BA2E57600377EE4 /* ItemDetailsVM.swift */ = {isa = PBXFileReference; fileEncoding = 4; lastKnownFileType = sourcecode.swift; path = ItemDetailsVM.swift; sourceTree = "<group>"; };
		84E6D9422BA2E57600377EE4 /* ItemDetailsView.swift */ = {isa = PBXFileReference; fileEncoding = 4; lastKnownFileType = sourcecode.swift; path = ItemDetailsView.swift; sourceTree = "<group>"; };
		84E6D9602BA2E5FA00377EE4 /* SearchBar.swift */ = {isa = PBXFileReference; fileEncoding = 4; lastKnownFileType = sourcecode.swift; path = SearchBar.swift; sourceTree = "<group>"; };
		84E6D9622BA2E66300377EE4 /* CategoryButton.swift */ = {isa = PBXFileReference; fileEncoding = 4; lastKnownFileType = sourcecode.swift; path = CategoryButton.swift; sourceTree = "<group>"; };
		84E6D9642BA2E73D00377EE4 /* Categories.swift */ = {isa = PBXFileReference; fileEncoding = 4; lastKnownFileType = sourcecode.swift; path = Categories.swift; sourceTree = "<group>"; };
		84E6D96B2BA311F800377EE4 /* CartVM.swift */ = {isa = PBXFileReference; fileEncoding = 4; lastKnownFileType = sourcecode.swift; path = CartVM.swift; sourceTree = "<group>"; };
		84E6D96C2BA311F800377EE4 /* CartView.swift */ = {isa = PBXFileReference; fileEncoding = 4; lastKnownFileType = sourcecode.swift; path = CartView.swift; sourceTree = "<group>"; };
		84E6D96F2BA312CA00377EE4 /* AddItemCard.swift */ = {isa = PBXFileReference; fileEncoding = 4; lastKnownFileType = sourcecode.swift; path = AddItemCard.swift; sourceTree = "<group>"; };
		84E6D9722BA3135800377EE4 /* PaymentMethodsVM.swift */ = {isa = PBXFileReference; fileEncoding = 4; lastKnownFileType = sourcecode.swift; path = PaymentMethodsVM.swift; sourceTree = "<group>"; };
		84E6D9732BA3135800377EE4 /* PaymentMethodsView.swift */ = {isa = PBXFileReference; fileEncoding = 4; lastKnownFileType = sourcecode.swift; path = PaymentMethodsView.swift; sourceTree = "<group>"; };
		84E6D9752BA3135800377EE4 /* SavedCardView.swift */ = {isa = PBXFileReference; fileEncoding = 4; lastKnownFileType = sourcecode.swift; path = SavedCardView.swift; sourceTree = "<group>"; };
		84E6D9792BA3137E00377EE4 /* PaymentSheet.swift */ = {isa = PBXFileReference; fileEncoding = 4; lastKnownFileType = sourcecode.swift; path = PaymentSheet.swift; sourceTree = "<group>"; };
		84E6D97B2BA313AE00377EE4 /* CardDetailField.swift */ = {isa = PBXFileReference; fileEncoding = 4; lastKnownFileType = sourcecode.swift; path = CardDetailField.swift; sourceTree = "<group>"; };
		9C1A3BB82BA9B4CC003BC947 /* Card.swift */ = {isa = PBXFileReference; lastKnownFileType = sourcecode.swift; path = Card.swift; sourceTree = "<group>"; };
		9C1A3BBA2BA9BF99003BC947 /* Favourites.swift */ = {isa = PBXFileReference; lastKnownFileType = sourcecode.swift; path = Favourites.swift; sourceTree = "<group>"; };
		9C4AC4D42BA9F763006C6D21 /* Cart.swift */ = {isa = PBXFileReference; lastKnownFileType = sourcecode.swift; path = Cart.swift; sourceTree = "<group>"; };
		9CEBC1512BA6A2B2004E9719 /* Reachability.swift */ = {isa = PBXFileReference; fileEncoding = 4; lastKnownFileType = sourcecode.swift; path = Reachability.swift; sourceTree = "<group>"; };
		9CEBC1522BA6A2B2004E9719 /* AFWrapper.swift */ = {isa = PBXFileReference; fileEncoding = 4; lastKnownFileType = sourcecode.swift; path = AFWrapper.swift; sourceTree = "<group>"; };
		9CEBC15B2BA6AC15004E9719 /* iBSUserDefaults.swift */ = {isa = PBXFileReference; fileEncoding = 4; lastKnownFileType = sourcecode.swift; path = iBSUserDefaults.swift; sourceTree = "<group>"; };
		9CEC50A72BA950930009F6DC /* Product.swift */ = {isa = PBXFileReference; lastKnownFileType = sourcecode.swift; path = Product.swift; sourceTree = "<group>"; };
/* End PBXFileReference section */

/* Begin PBXFrameworksBuildPhase section */
		84E425E32BA1E4060057C72F /* Frameworks */ = {
			isa = PBXFrameworksBuildPhase;
			buildActionMask = 2147483647;
			files = (
				9C9B73EF2BA7B09300A18A50 /* Alamofire in Frameworks */,
				9CEC50A22BA93D230009F6DC /* PhoneNumberKit in Frameworks */,
				9CEC509D2BA93CC90009F6DC /* Alamofire in Frameworks */,
				845DD4012BA2C6D70073E78F /* KDCountryPicker in Frameworks */,
				845DD3FC2BA2C5B30073E78F /* SDWebImageSwiftUI in Frameworks */,
				9CEC50A62BA93D230009F6DC /* PhoneNumberKit-Static in Frameworks */,
				84E426672BA204990057C72F /* Regex in Frameworks */,
				9C9B73F12BA7B09300A18A50 /* AlamofireDynamic in Frameworks */,
				84E4260F2BA1EF960057C72F /* SwiftyJSON in Frameworks */,
				9CEC50A42BA93D230009F6DC /* PhoneNumberKit-Dynamic in Frameworks */,
				9CEC509F2BA93CC90009F6DC /* AlamofireDynamic in Frameworks */,
				84E426062BA1EE220057C72F /* RappleProgressHUD in Frameworks */,
			);
			runOnlyForDeploymentPostprocessing = 0;
		};
/* End PBXFrameworksBuildPhase section */

/* Begin PBXGroup section */
		845DD3E72BA2C20A0073E78F /* ImagePicker */ = {
			isa = PBXGroup;
			children = (
				845DD3E82BA2C20A0073E78F /* ImagePicker.swift */,
				845DD3E92BA2C20A0073E78F /* ImagePickerButton.swift */,
				845DD3EA2BA2C20A0073E78F /* ImagePlaceholder.swift */,
			);
			path = ImagePicker;
			sourceTree = "<group>";
		};
		845DD3EB2BA2C20A0073E78F /* Slider */ = {
			isa = PBXGroup;
			children = (
				845DD3EC2BA2C20A0073E78F /* Slider.swift */,
			);
			path = Slider;
			sourceTree = "<group>";
		};
		84E425DD2BA1E4060057C72F = {
			isa = PBXGroup;
			children = (
				84E425E82BA1E4060057C72F /* EnBitClothings */,
				84E425E72BA1E4060057C72F /* Products */,
			);
			sourceTree = "<group>";
		};
		84E425E72BA1E4060057C72F /* Products */ = {
			isa = PBXGroup;
			children = (
				84E425E62BA1E4060057C72F /* EnBitClothings.app */,
			);
			name = Products;
			sourceTree = "<group>";
		};
		84E425E82BA1E4060057C72F /* EnBitClothings */ = {
			isa = PBXGroup;
			children = (
				84E425FA2BA1EC4E0057C72F /* App */,
				84E425FC2BA1EC730057C72F /* Base */,
				84E425FB2BA1EC5E0057C72F /* View+VM */,
				84E425FF2BA1ECC00057C72F /* Shared */,
				84E425FE2BA1ECAC0057C72F /* Utilities */,
				84E425ED2BA1E4070057C72F /* Assets.xcassets */,
				84E425EF2BA1E4070057C72F /* Preview Content */,
			);
			path = EnBitClothings;
			sourceTree = "<group>";
		};
		84E425EF2BA1E4070057C72F /* Preview Content */ = {
			isa = PBXGroup;
			children = (
				84E425F02BA1E4070057C72F /* Preview Assets.xcassets */,
			);
			path = "Preview Content";
			sourceTree = "<group>";
		};
		84E425F72BA1EB6A0057C72F /* Auth */ = {
			isa = PBXGroup;
			children = (
				84E426232BA1F3330057C72F /* SplashScreen */,
				84E426262BA1F7900057C72F /* InitialScreen */,
				84E4262B2BA1F7E70057C72F /* SignUp */,
				84E4263A2BA1F9350057C72F /* Verification */,
				84E426352BA1F87F0057C72F /* CompleteProfile */,
				84E426302BA1F8370057C72F /* SignIn */,
				84E426412BA1F9AE0057C72F /* ForgotPassword */,
			);
			path = Auth;
			sourceTree = "<group>";
		};
		84E425FA2BA1EC4E0057C72F /* App */ = {
			isa = PBXGroup;
			children = (
				84E425E92BA1E4060057C72F /* EnBitClothingsApp.swift */,
				84E425EB2BA1E4060057C72F /* ContentView.swift */,
			);
			path = App;
			sourceTree = "<group>";
		};
		84E425FB2BA1EC5E0057C72F /* View+VM */ = {
			isa = PBXGroup;
			children = (
				84E425F72BA1EB6A0057C72F /* Auth */,
				84E425FD2BA1EC910057C72F /* Main */,
			);
			path = "View+VM";
			sourceTree = "<group>";
		};
		84E425FC2BA1EC730057C72F /* Base */ = {
			isa = PBXGroup;
			children = (
				84E426002BA1ECF20057C72F /* BaseView.swift */,
				84E426022BA1ED2B0057C72F /* BaseVM.swift */,
			);
			path = Base;
			sourceTree = "<group>";
		};
		84E425FD2BA1EC910057C72F /* Main */ = {
			isa = PBXGroup;
			children = (
				84E4267C2BA2130C0057C72F /* TabBar.swift */,
				84E6D92D2BA2E57600377EE4 /* Home */,
				84E6D9242BA2E34600377EE4 /* Favourites */,
				84E6D96A2BA311F800377EE4 /* Cart */,
				84E6D8BA2BA2D46E00377EE4 /* MoreMenu */,
			);
			path = Main;
			sourceTree = "<group>";
		};
		84E425FE2BA1ECAC0057C72F /* Utilities */ = {
			isa = PBXGroup;
			children = (
				84E426792BA210A50057C72F /* Models */,
				84E426732BA20FF20057C72F /* CoreData */,
				84E426702BA20FA30057C72F /* Navigation */,
				84E4265F2BA202C20057C72F /* Validation */,
				84E4261E2BA1F1D50057C72F /* Protocols */,
				84E426152BA1F00A0057C72F /* Source */,
				9CEBC15A2BA6AC15004E9719 /* UserDefaults  */,
				9CEBC1502BA6A2B2004E9719 /* Network */,
			);
			path = Utilities;
			sourceTree = "<group>";
		};
		84E425FF2BA1ECC00057C72F /* Shared */ = {
			isa = PBXGroup;
			children = (
				84E426512BA202760057C72F /* CustomViewModifiers */,
				84E426482BA201D20057C72F /* CustomViews */,
				84E426562BA202A80057C72F /* Fonts */,
				84E4260A2BA1EEB90057C72F /* Extension */,
				84E426072BA1EE460057C72F /* Helpers */,
			);
			path = Shared;
			sourceTree = "<group>";
		};
		84E426072BA1EE460057C72F /* Helpers */ = {
			isa = PBXGroup;
			children = (
				84E426082BA1EE640057C72F /* Logger.swift */,
			);
			path = Helpers;
			sourceTree = "<group>";
		};
		84E4260A2BA1EEB90057C72F /* Extension */ = {
			isa = PBXGroup;
			children = (
				84E4264C2BA2023E0057C72F /* ColorExtension.swift */,
				84E4264D2BA2023E0057C72F /* FontExtensions.swift */,
				84E4264B2BA2023E0057C72F /* ViewExtension.swift */,
				84E4260B2BA1EEE30057C72F /* UIApplication+Extension.swift */,
			);
			path = Extension;
			sourceTree = "<group>";
		};
		84E426152BA1F00A0057C72F /* Source */ = {
			isa = PBXGroup;
			children = (
				84E426162BA1F0490057C72F /* Handlers.swift */,
				84E426182BA1F0F90057C72F /* Models.swift */,
				84E4261A2BA1F15A0057C72F /* Localizing.swift */,
				84E4261C2BA1F1890057C72F /* CharacterCounts.swift */,
				9CEBC1512BA6A2B2004E9719 /* Reachability.swift */,
			);
			path = Source;
			sourceTree = "<group>";
		};
		84E4261E2BA1F1D50057C72F /* Protocols */ = {
			isa = PBXGroup;
			children = (
				84E4261F2BA1F2010057C72F /* LoadingDelegate.swift */,
			);
			path = Protocols;
			sourceTree = "<group>";
		};
		84E426232BA1F3330057C72F /* SplashScreen */ = {
			isa = PBXGroup;
			children = (
				84E6D8B82BA2D33500377EE4 /* LaunchScreen.storyboard */,
			);
			path = SplashScreen;
			sourceTree = "<group>";
		};
		84E426262BA1F7900057C72F /* InitialScreen */ = {
			isa = PBXGroup;
			children = (
				84E426272BA1F7AE0057C72F /* InitialScreenView.swift */,
				84E426292BA1F7BA0057C72F /* InitialScreenVM.swift */,
			);
			path = InitialScreen;
			sourceTree = "<group>";
		};
		84E4262B2BA1F7E70057C72F /* SignUp */ = {
			isa = PBXGroup;
			children = (
				84E4262C2BA1F80A0057C72F /* SignUpView.swift */,
				84E4262E2BA1F82B0057C72F /* SignUpVM.swift */,
			);
			path = SignUp;
			sourceTree = "<group>";
		};
		84E426302BA1F8370057C72F /* SignIn */ = {
			isa = PBXGroup;
			children = (
				84E426312BA1F85C0057C72F /* SignInView.swift */,
				84E426332BA1F86B0057C72F /* SignInVM.swift */,
			);
			path = SignIn;
			sourceTree = "<group>";
		};
		84E426352BA1F87F0057C72F /* CompleteProfile */ = {
			isa = PBXGroup;
			children = (
				84E426362BA1F8A60057C72F /* CompleteProfileView.swift */,
				84E426382BA1F8BE0057C72F /* CompleteProfileVM.swift */,
			);
			path = CompleteProfile;
			sourceTree = "<group>";
		};
		84E4263A2BA1F9350057C72F /* Verification */ = {
			isa = PBXGroup;
			children = (
				84E4263F2BA1F98A0057C72F /* OTPView.swift */,
				84E4263B2BA1F9500057C72F /* VerificationView.swift */,
				84E4263D2BA1F9700057C72F /* VerificationVM.swift */,
			);
			path = Verification;
			sourceTree = "<group>";
		};
		84E426412BA1F9AE0057C72F /* ForgotPassword */ = {
			isa = PBXGroup;
			children = (
				84E426422BA1F9C00057C72F /* ForgotPasswordView.swift */,
				84E426442BA1F9CD0057C72F /* ForgotPasswordVM.swift */,
				84E426462BA1F9DD0057C72F /* ForgotPasswordSuccess.swift */,
			);
			path = ForgotPassword;
			sourceTree = "<group>";
		};
		84E426482BA201D20057C72F /* CustomViews */ = {
			isa = PBXGroup;
			children = (
				845DD3E72BA2C20A0073E78F /* ImagePicker */,
				845DD3EB2BA2C20A0073E78F /* Slider */,
				84E6D97B2BA313AE00377EE4 /* CardDetailField.swift */,
				84E6D9792BA3137E00377EE4 /* PaymentSheet.swift */,
				84E6D96F2BA312CA00377EE4 /* AddItemCard.swift */,
				84E6D9622BA2E66300377EE4 /* CategoryButton.swift */,
				84E6D9602BA2E5FA00377EE4 /* SearchBar.swift */,
				84E6D9292BA2E38700377EE4 /* HomeItemCardView.swift */,
				84E6D9222BA2D6A900377EE4 /* MultiLineTextField.swift */,
				84E6D9202BA2D67B00377EE4 /* ButtonWithIcon.swift */,
				845DD4042BA2C8340073E78F /* DropDownField.swift */,
				845DD4022BA2C6FE0073E78F /* DatePickerField.swift */,
				845DD3FD2BA2C6210073E78F /* PhoneInputView.swift */,
				84E426492BA201F80057C72F /* CommenButton.swift */,
				84E426682BA20EDC0057C72F /* NavigationBar.swift */,
				84E4266A2BA20EF70057C72F /* EmailField.swift */,
				84E4266C2BA20F0B0057C72F /* CommonTextField.swift */,
				84E4266E2BA20F2A0057C72F /* PasswordField.swift */,
			);
			path = CustomViews;
			sourceTree = "<group>";
		};
		84E426512BA202760057C72F /* CustomViewModifiers */ = {
			isa = PBXGroup;
			children = (
				84E426522BA202760057C72F /* HalfSheet.swift */,
				84E426532BA202760057C72F /* CustomTFStyle.swift */,
			);
			path = CustomViewModifiers;
			sourceTree = "<group>";
		};
		84E426562BA202A80057C72F /* Fonts */ = {
			isa = PBXGroup;
			children = (
				84E426572BA202A80057C72F /* Roboto-Medium.ttf */,
				84E426582BA202A80057C72F /* Roboto-Regular.ttf */,
				84E426592BA202A80057C72F /* Roboto-Italic.ttf */,
				84E4265A2BA202A80057C72F /* Roboto-Bold.ttf */,
			);
			path = Fonts;
			sourceTree = "<group>";
		};
		84E4265F2BA202C20057C72F /* Validation */ = {
			isa = PBXGroup;
			children = (
				84E426602BA202C20057C72F /* ValidateViewModifier.swift */,
				84E426612BA202C20057C72F /* Validators.swift */,
			);
			path = Validation;
			sourceTree = "<group>";
		};
		84E426702BA20FA30057C72F /* Navigation */ = {
			isa = PBXGroup;
			children = (
				84E426712BA20FA30057C72F /* ViewRouter.swift */,
			);
			path = Navigation;
			sourceTree = "<group>";
		};
		84E426732BA20FF20057C72F /* CoreData */ = {
			isa = PBXGroup;
			children = (
				84E426742BA20FF20057C72F /* EnbitClothings.xcdatamodeld */,
				84E426762BA20FF20057C72F /* Persistence.swift */,
			);
			path = CoreData;
			sourceTree = "<group>";
		};
		84E426792BA210A50057C72F /* Models */ = {
			isa = PBXGroup;
			children = (
				84E4267A2BA210B90057C72F /* User.swift */,
				9CEC50A72BA950930009F6DC /* Product.swift */,
				84E6D9642BA2E73D00377EE4 /* Categories.swift */,
				9C1A3BBA2BA9BF99003BC947 /* Favourites.swift */,
				9C4AC4D42BA9F763006C6D21 /* Cart.swift */,
				9C1A3BB82BA9B4CC003BC947 /* Card.swift */,
			);
			path = Models;
			sourceTree = "<group>";
		};
		84E6D8BA2BA2D46E00377EE4 /* MoreMenu */ = {
			isa = PBXGroup;
			children = (
				84E6D8BC2BA2D46E00377EE4 /* MoreMenuView.swift */,
				84E6D8BB2BA2D46E00377EE4 /* MoreMenuVM.swift */,
				84E6D8C92BA2D46E00377EE4 /* MyProfile */,
				84E6D9712BA3135800377EE4 /* PaymentMethods */,
				84E6D8BD2BA2D46E00377EE4 /* AboutUs */,
				84E6D8D72BA2D46E00377EE4 /* TermsAndConditions */,
				84E6D8E82BA2D46E00377EE4 /* PrivacyPolicy */,
				84E6D8DA2BA2D46E00377EE4 /* ContactUs */,
				84E6D8DF2BA2D46E00377EE4 /* AppSettings */,
			);
			path = MoreMenu;
			sourceTree = "<group>";
		};
		84E6D8BD2BA2D46E00377EE4 /* AboutUs */ = {
			isa = PBXGroup;
			children = (
				84E6D8BE2BA2D46E00377EE4 /* AboutUsView.swift */,
				84E6D8BF2BA2D46E00377EE4 /* AboutUsVM.swift */,
			);
			path = AboutUs;
			sourceTree = "<group>";
		};
		84E6D8C92BA2D46E00377EE4 /* MyProfile */ = {
			isa = PBXGroup;
			children = (
				84E6D8D12BA2D46E00377EE4 /* Components */,
				84E6D8CA2BA2D46E00377EE4 /* EditProfile */,
				84E6D8D42BA2D46E00377EE4 /* ChangePassword */,
				84E6D8D02BA2D46E00377EE4 /* MyProfileView.swift */,
				84E6D8D32BA2D46E00377EE4 /* MyProfileVM.swift */,
			);
			path = MyProfile;
			sourceTree = "<group>";
		};
		84E6D8CA2BA2D46E00377EE4 /* EditProfile */ = {
			isa = PBXGroup;
			children = (
				84E6D8CB2BA2D46E00377EE4 /* EditProfileView.swift */,
				84E6D8CC2BA2D46E00377EE4 /* EditProfileVM.swift */,
			);
			path = EditProfile;
			sourceTree = "<group>";
		};
		84E6D8D12BA2D46E00377EE4 /* Components */ = {
			isa = PBXGroup;
			children = (
				84E6D8D22BA2D46E00377EE4 /* ProfileDetailField.swift */,
			);
			path = Components;
			sourceTree = "<group>";
		};
		84E6D8D42BA2D46E00377EE4 /* ChangePassword */ = {
			isa = PBXGroup;
			children = (
				84E6D8D52BA2D46E00377EE4 /* ChangePasswordView.swift */,
				84E6D8D62BA2D46E00377EE4 /* ChangePasswordVM.swift */,
			);
			path = ChangePassword;
			sourceTree = "<group>";
		};
		84E6D8D72BA2D46E00377EE4 /* TermsAndConditions */ = {
			isa = PBXGroup;
			children = (
				84E6D8D82BA2D46E00377EE4 /* TermsAndConditionsView.swift */,
				84E6D8D92BA2D46E00377EE4 /* TermsAndConditionsVM.swift */,
			);
			path = TermsAndConditions;
			sourceTree = "<group>";
		};
		84E6D8DA2BA2D46E00377EE4 /* ContactUs */ = {
			isa = PBXGroup;
			children = (
				84E6D8DC2BA2D46E00377EE4 /* Components */,
				84E6D8DB2BA2D46E00377EE4 /* ContactUsView.swift */,
				84E6D8DE2BA2D46E00377EE4 /* ContactUsVM.swift */,
			);
			path = ContactUs;
			sourceTree = "<group>";
		};
		84E6D8DC2BA2D46E00377EE4 /* Components */ = {
			isa = PBXGroup;
			children = (
				84E6D8DD2BA2D46E00377EE4 /* SocialButton.swift */,
			);
			path = Components;
			sourceTree = "<group>";
		};
		84E6D8DF2BA2D46E00377EE4 /* AppSettings */ = {
			isa = PBXGroup;
			children = (
				84E6D8E12BA2D46E00377EE4 /* AppSettingsView.swift */,
				84E6D8E02BA2D46E00377EE4 /* AppSettingsVM.swift */,
			);
			path = AppSettings;
			sourceTree = "<group>";
		};
		84E6D8E82BA2D46E00377EE4 /* PrivacyPolicy */ = {
			isa = PBXGroup;
			children = (
				84E6D8EA2BA2D46E00377EE4 /* PrivacyPolicyView.swift */,
				84E6D8E92BA2D46E00377EE4 /* PrivacyPolicyVM.swift */,
			);
			path = PrivacyPolicy;
			sourceTree = "<group>";
		};
		84E6D9242BA2E34600377EE4 /* Favourites */ = {
			isa = PBXGroup;
			children = (
				84E6D9252BA2E34600377EE4 /* FavouritesView.swift */,
				84E6D9262BA2E34600377EE4 /* FavouritesVM.swift */,
			);
			path = Favourites;
			sourceTree = "<group>";
		};
		84E6D92D2BA2E57600377EE4 /* Home */ = {
			isa = PBXGroup;
			children = (
				84E6D9372BA2E57600377EE4 /* HomeView.swift */,
				84E6D9362BA2E57600377EE4 /* HomeVM.swift */,
				84E6D9382BA2E57600377EE4 /* ViewItemDetails */,
			);
			path = Home;
			sourceTree = "<group>";
		};
		84E6D9382BA2E57600377EE4 /* ViewItemDetails */ = {
			isa = PBXGroup;
			children = (
				84E6D9422BA2E57600377EE4 /* ItemDetailsView.swift */,
				84E6D9412BA2E57600377EE4 /* ItemDetailsVM.swift */,
			);
			path = ViewItemDetails;
			sourceTree = "<group>";
		};
		84E6D96A2BA311F800377EE4 /* Cart */ = {
			isa = PBXGroup;
			children = (
				84E6D96C2BA311F800377EE4 /* CartView.swift */,
				84E6D96B2BA311F800377EE4 /* CartVM.swift */,
			);
			path = Cart;
			sourceTree = "<group>";
		};
		84E6D9712BA3135800377EE4 /* PaymentMethods */ = {
			isa = PBXGroup;
			children = (
				84E6D9742BA3135800377EE4 /* Components */,
				84E6D9732BA3135800377EE4 /* PaymentMethodsView.swift */,
				84E6D9722BA3135800377EE4 /* PaymentMethodsVM.swift */,
			);
			path = PaymentMethods;
			sourceTree = "<group>";
		};
		84E6D9742BA3135800377EE4 /* Components */ = {
			isa = PBXGroup;
			children = (
				84E6D9752BA3135800377EE4 /* SavedCardView.swift */,
			);
			path = Components;
			sourceTree = "<group>";
		};
		9CEBC1502BA6A2B2004E9719 /* Network */ = {
			isa = PBXGroup;
			children = (
				9CEBC1522BA6A2B2004E9719 /* AFWrapper.swift */,
			);
			path = Network;
			sourceTree = "<group>";
		};
		9CEBC15A2BA6AC15004E9719 /* UserDefaults  */ = {
			isa = PBXGroup;
			children = (
				9CEBC15B2BA6AC15004E9719 /* iBSUserDefaults.swift */,
			);
			path = "UserDefaults ";
			sourceTree = "<group>";
		};
/* End PBXGroup section */

/* Begin PBXNativeTarget section */
		84E425E52BA1E4060057C72F /* EnBitClothings */ = {
			isa = PBXNativeTarget;
			buildConfigurationList = 84E425F42BA1E4070057C72F /* Build configuration list for PBXNativeTarget "EnBitClothings" */;
			buildPhases = (
				84E425E22BA1E4060057C72F /* Sources */,
				84E425E32BA1E4060057C72F /* Frameworks */,
				84E425E42BA1E4060057C72F /* Resources */,
				84D14F7A2BA42317006F8E53 /* Embed Frameworks */,
			);
			buildRules = (
			);
			dependencies = (
				84D14FA92BA42CC8006F8E53 /* PBXTargetDependency */,
				84D14F9D2BA42BF3006F8E53 /* PBXTargetDependency */,
			);
			name = EnBitClothings;
			packageProductDependencies = (
				84E426052BA1EE220057C72F /* RappleProgressHUD */,
				84E4260E2BA1EF960057C72F /* SwiftyJSON */,
				84E426662BA204990057C72F /* Regex */,
				845DD3FB2BA2C5B30073E78F /* SDWebImageSwiftUI */,
				845DD4002BA2C6D70073E78F /* KDCountryPicker */,
				9C9B73EE2BA7B09300A18A50 /* Alamofire */,
				9C9B73F02BA7B09300A18A50 /* AlamofireDynamic */,
				9CEC509C2BA93CC90009F6DC /* Alamofire */,
				9CEC509E2BA93CC90009F6DC /* AlamofireDynamic */,
				9CEC50A12BA93D230009F6DC /* PhoneNumberKit */,
				9CEC50A32BA93D230009F6DC /* PhoneNumberKit-Dynamic */,
				9CEC50A52BA93D230009F6DC /* PhoneNumberKit-Static */,
			);
			productName = EnBitClothings;
			productReference = 84E425E62BA1E4060057C72F /* EnBitClothings.app */;
			productType = "com.apple.product-type.application";
		};
/* End PBXNativeTarget section */

/* Begin PBXProject section */
		84E425DE2BA1E4060057C72F /* Project object */ = {
			isa = PBXProject;
			attributes = {
				BuildIndependentTargetsInParallel = 1;
				LastSwiftUpdateCheck = 1520;
				LastUpgradeCheck = 1520;
				TargetAttributes = {
					84E425E52BA1E4060057C72F = {
						CreatedOnToolsVersion = 15.2;
					};
				};
			};
			buildConfigurationList = 84E425E12BA1E4060057C72F /* Build configuration list for PBXProject "EnBitClothings" */;
			compatibilityVersion = "Xcode 14.0";
			developmentRegion = en;
			hasScannedForEncodings = 0;
			knownRegions = (
				en,
				Base,
			);
			mainGroup = 84E425DD2BA1E4060057C72F;
			packageReferences = (
				84E426042BA1EE220057C72F /* XCRemoteSwiftPackageReference "RappleProgressHUD" */,
				84E4260D2BA1EF960057C72F /* XCRemoteSwiftPackageReference "SwiftyJSON" */,
				84E426652BA204990057C72F /* XCRemoteSwiftPackageReference "Regex" */,
				845DD3FA2BA2C5B30073E78F /* XCRemoteSwiftPackageReference "SDWebImageSwiftUI" */,
				845DD3FF2BA2C6D70073E78F /* XCRemoteSwiftPackageReference "KDCountryPicker" */,
				9C9B73ED2BA7B09300A18A50 /* XCRemoteSwiftPackageReference "Alamofire" */,
				9CEC50A02BA93D230009F6DC /* XCRemoteSwiftPackageReference "PhoneNumberKit" */,
			);
			productRefGroup = 84E425E72BA1E4060057C72F /* Products */;
			projectDirPath = "";
			projectRoot = "";
			targets = (
				84E425E52BA1E4060057C72F /* EnBitClothings */,
			);
		};
/* End PBXProject section */

/* Begin PBXResourcesBuildPhase section */
		84E425E42BA1E4060057C72F /* Resources */ = {
			isa = PBXResourcesBuildPhase;
			buildActionMask = 2147483647;
			files = (
				84E4265E2BA202A80057C72F /* Roboto-Bold.ttf in Resources */,
				84E4265B2BA202A80057C72F /* Roboto-Medium.ttf in Resources */,
				84E4265D2BA202A80057C72F /* Roboto-Italic.ttf in Resources */,
				84E4265C2BA202A80057C72F /* Roboto-Regular.ttf in Resources */,
				84E6D8B92BA2D33500377EE4 /* LaunchScreen.storyboard in Resources */,
				84E425F12BA1E4070057C72F /* Preview Assets.xcassets in Resources */,
				84E425EE2BA1E4070057C72F /* Assets.xcassets in Resources */,
			);
			runOnlyForDeploymentPostprocessing = 0;
		};
/* End PBXResourcesBuildPhase section */

/* Begin PBXSourcesBuildPhase section */
		84E425E22BA1E4060057C72F /* Sources */ = {
			isa = PBXSourcesBuildPhase;
			buildActionMask = 2147483647;
			files = (
				84E6D96E2BA311F800377EE4 /* CartView.swift in Sources */,
				84E426282BA1F7AE0057C72F /* InitialScreenView.swift in Sources */,
				845DD4032BA2C6FE0073E78F /* DatePickerField.swift in Sources */,
				9C4AC4D52BA9F763006C6D21 /* Cart.swift in Sources */,
				84E4262D2BA1F80A0057C72F /* SignUpView.swift in Sources */,
				84E6D9092BA2D46E00377EE4 /* ChangePasswordView.swift in Sources */,
				84E426502BA2023E0057C72F /* FontExtensions.swift in Sources */,
				84E6D9512BA2E57600377EE4 /* HomeVM.swift in Sources */,
				84E6D9022BA2D46E00377EE4 /* EditProfileView.swift in Sources */,
				84E426722BA20FA30057C72F /* ViewRouter.swift in Sources */,
				84E6D96D2BA311F800377EE4 /* CartVM.swift in Sources */,
				84E426402BA1F98A0057C72F /* OTPView.swift in Sources */,
				84E6D9112BA2D46E00377EE4 /* AppSettingsView.swift in Sources */,
				84E426342BA1F86B0057C72F /* SignInVM.swift in Sources */,
				84E426392BA1F8BE0057C72F /* CompleteProfileVM.swift in Sources */,
				84E426772BA20FF30057C72F /* EnbitClothings.xcdatamodeld in Sources */,
				84E4262F2BA1F82B0057C72F /* SignUpVM.swift in Sources */,
				84E6D90E2BA2D46E00377EE4 /* SocialButton.swift in Sources */,
				84E6D90C2BA2D46E00377EE4 /* TermsAndConditionsVM.swift in Sources */,
				84E4263E2BA1F9700057C72F /* VerificationVM.swift in Sources */,
				845DD4052BA2C8340073E78F /* DropDownField.swift in Sources */,
				84E4261B2BA1F15A0057C72F /* Localizing.swift in Sources */,
				84E4263C2BA1F9500057C72F /* VerificationView.swift in Sources */,
				84E6D92A2BA2E38700377EE4 /* HomeItemCardView.swift in Sources */,
				9CEBC1562BA6A2B3004E9719 /* Reachability.swift in Sources */,
				84E426452BA1F9CD0057C72F /* ForgotPasswordVM.swift in Sources */,
				84E6D9072BA2D46E00377EE4 /* ProfileDetailField.swift in Sources */,
				845DD3EF2BA2C20A0073E78F /* ImagePlaceholder.swift in Sources */,
				84E6D90B2BA2D46E00377EE4 /* TermsAndConditionsView.swift in Sources */,
				84E6D8F82BA2D46E00377EE4 /* MoreMenuVM.swift in Sources */,
				84E6D9172BA2D46E00377EE4 /* PrivacyPolicyView.swift in Sources */,
				84E4264E2BA2023E0057C72F /* ViewExtension.swift in Sources */,
				9CEBC15D2BA6AC16004E9719 /* iBSUserDefaults.swift in Sources */,
				84E6D90D2BA2D46E00377EE4 /* ContactUsView.swift in Sources */,
				84E6D97C2BA313AE00377EE4 /* CardDetailField.swift in Sources */,
				84E6D9702BA312CA00377EE4 /* AddItemCard.swift in Sources */,
				9CEC50A82BA950930009F6DC /* Product.swift in Sources */,
				84E6D9612BA2E5FA00377EE4 /* SearchBar.swift in Sources */,
				84E4264F2BA2023E0057C72F /* ColorExtension.swift in Sources */,
				84E426092BA1EE640057C72F /* Logger.swift in Sources */,
				84E426542BA202760057C72F /* HalfSheet.swift in Sources */,
				84E6D8FA2BA2D46E00377EE4 /* AboutUsView.swift in Sources */,
				9C1A3BBB2BA9BF99003BC947 /* Favourites.swift in Sources */,
				84E4267D2BA2130C0057C72F /* TabBar.swift in Sources */,
				84E426622BA202C30057C72F /* ValidateViewModifier.swift in Sources */,
				84E6D9762BA3135800377EE4 /* PaymentMethodsVM.swift in Sources */,
				84E426432BA1F9C00057C72F /* ForgotPasswordView.swift in Sources */,
				84E6D9102BA2D46E00377EE4 /* AppSettingsVM.swift in Sources */,
				84E426782BA20FF30057C72F /* Persistence.swift in Sources */,
				9CEBC1572BA6A2B3004E9719 /* AFWrapper.swift in Sources */,
				84E4267B2BA210B90057C72F /* User.swift in Sources */,
				84E426012BA1ECF20057C72F /* BaseView.swift in Sources */,
				84E6D9592BA2E57600377EE4 /* ItemDetailsView.swift in Sources */,
				84E426322BA1F85C0057C72F /* SignInView.swift in Sources */,
				84E6D9162BA2D46E00377EE4 /* PrivacyPolicyVM.swift in Sources */,
				84E4266B2BA20EF70057C72F /* EmailField.swift in Sources */,
				84E6D9782BA3135800377EE4 /* SavedCardView.swift in Sources */,
				84E426032BA1ED2B0057C72F /* BaseVM.swift in Sources */,
				845DD3F02BA2C20A0073E78F /* Slider.swift in Sources */,
				84E426472BA1F9DD0057C72F /* ForgotPasswordSuccess.swift in Sources */,
				84E6D9772BA3135800377EE4 /* PaymentMethodsView.swift in Sources */,
				84E426552BA202760057C72F /* CustomTFStyle.swift in Sources */,
				84E426192BA1F0F90057C72F /* Models.swift in Sources */,
				845DD3ED2BA2C20A0073E78F /* ImagePicker.swift in Sources */,
				84E6D9212BA2D67B00377EE4 /* ButtonWithIcon.swift in Sources */,
				84E425EC2BA1E4060057C72F /* ContentView.swift in Sources */,
				84E426372BA1F8A60057C72F /* CompleteProfileView.swift in Sources */,
				84E6D9232BA2D6A900377EE4 /* MultiLineTextField.swift in Sources */,
				84E426692BA20EDC0057C72F /* NavigationBar.swift in Sources */,
				84E4266F2BA20F2A0057C72F /* PasswordField.swift in Sources */,
				84E6D9632BA2E66300377EE4 /* CategoryButton.swift in Sources */,
				84E6D9032BA2D46E00377EE4 /* EditProfileVM.swift in Sources */,
				84E6D9582BA2E57600377EE4 /* ItemDetailsVM.swift in Sources */,
				845DD3FE2BA2C6210073E78F /* PhoneInputView.swift in Sources */,
				84E4260C2BA1EEE30057C72F /* UIApplication+Extension.swift in Sources */,
				84E426632BA202C30057C72F /* Validators.swift in Sources */,
				84E4264A2BA201F80057C72F /* CommenButton.swift in Sources */,
				84E4266D2BA20F0B0057C72F /* CommonTextField.swift in Sources */,
				84E6D8F92BA2D46E00377EE4 /* MoreMenuView.swift in Sources */,
				84E6D9282BA2E34600377EE4 /* FavouritesVM.swift in Sources */,
				84E6D9062BA2D46E00377EE4 /* MyProfileView.swift in Sources */,
				84E6D97A2BA3137E00377EE4 /* PaymentSheet.swift in Sources */,
				84E425EA2BA1E4060057C72F /* EnBitClothingsApp.swift in Sources */,
				84E4262A2BA1F7BA0057C72F /* InitialScreenVM.swift in Sources */,
				9C1A3BB92BA9B4CC003BC947 /* Card.swift in Sources */,
				84E426172BA1F0490057C72F /* Handlers.swift in Sources */,
				84E6D9082BA2D46E00377EE4 /* MyProfileVM.swift in Sources */,
				845DD3EE2BA2C20A0073E78F /* ImagePickerButton.swift in Sources */,
				84E6D9272BA2E34600377EE4 /* FavouritesView.swift in Sources */,
				84E6D90A2BA2D46E00377EE4 /* ChangePasswordVM.swift in Sources */,
				84E6D9522BA2E57600377EE4 /* HomeView.swift in Sources */,
				84E6D90F2BA2D46E00377EE4 /* ContactUsVM.swift in Sources */,
				84E6D8FB2BA2D46E00377EE4 /* AboutUsVM.swift in Sources */,
				84E6D9652BA2E73D00377EE4 /* Categories.swift in Sources */,
				84E426202BA1F2010057C72F /* LoadingDelegate.swift in Sources */,
				84E4261D2BA1F1890057C72F /* CharacterCounts.swift in Sources */,
			);
			runOnlyForDeploymentPostprocessing = 0;
		};
/* End PBXSourcesBuildPhase section */

/* Begin PBXTargetDependency section */
		84D14F9D2BA42BF3006F8E53 /* PBXTargetDependency */ = {
			isa = PBXTargetDependency;
			productRef = 84D14F9C2BA42BF3006F8E53 /* Alamofire */;
		};
		84D14FA92BA42CC8006F8E53 /* PBXTargetDependency */ = {
			isa = PBXTargetDependency;
			productRef = 84D14FA82BA42CC8006F8E53 /* PhoneNumberKit */;
		};
/* End PBXTargetDependency section */

/* Begin XCBuildConfiguration section */
		84E425F22BA1E4070057C72F /* Debug */ = {
			isa = XCBuildConfiguration;
			buildSettings = {
				ALWAYS_SEARCH_USER_PATHS = NO;
				ASSETCATALOG_COMPILER_GENERATE_SWIFT_ASSET_SYMBOL_EXTENSIONS = YES;
				CLANG_ANALYZER_NONNULL = YES;
				CLANG_ANALYZER_NUMBER_OBJECT_CONVERSION = YES_AGGRESSIVE;
				CLANG_CXX_LANGUAGE_STANDARD = "gnu++20";
				CLANG_ENABLE_MODULES = YES;
				CLANG_ENABLE_OBJC_ARC = YES;
				CLANG_ENABLE_OBJC_WEAK = YES;
				CLANG_WARN_BLOCK_CAPTURE_AUTORELEASING = YES;
				CLANG_WARN_BOOL_CONVERSION = YES;
				CLANG_WARN_COMMA = YES;
				CLANG_WARN_CONSTANT_CONVERSION = YES;
				CLANG_WARN_DEPRECATED_OBJC_IMPLEMENTATIONS = YES;
				CLANG_WARN_DIRECT_OBJC_ISA_USAGE = YES_ERROR;
				CLANG_WARN_DOCUMENTATION_COMMENTS = YES;
				CLANG_WARN_EMPTY_BODY = YES;
				CLANG_WARN_ENUM_CONVERSION = YES;
				CLANG_WARN_INFINITE_RECURSION = YES;
				CLANG_WARN_INT_CONVERSION = YES;
				CLANG_WARN_NON_LITERAL_NULL_CONVERSION = YES;
				CLANG_WARN_OBJC_IMPLICIT_RETAIN_SELF = YES;
				CLANG_WARN_OBJC_LITERAL_CONVERSION = YES;
				CLANG_WARN_OBJC_ROOT_CLASS = YES_ERROR;
				CLANG_WARN_QUOTED_INCLUDE_IN_FRAMEWORK_HEADER = YES;
				CLANG_WARN_RANGE_LOOP_ANALYSIS = YES;
				CLANG_WARN_STRICT_PROTOTYPES = YES;
				CLANG_WARN_SUSPICIOUS_MOVE = YES;
				CLANG_WARN_UNGUARDED_AVAILABILITY = YES_AGGRESSIVE;
				CLANG_WARN_UNREACHABLE_CODE = YES;
				CLANG_WARN__DUPLICATE_METHOD_MATCH = YES;
				COPY_PHASE_STRIP = NO;
				DEBUG_INFORMATION_FORMAT = dwarf;
				ENABLE_STRICT_OBJC_MSGSEND = YES;
				ENABLE_TESTABILITY = YES;
				ENABLE_USER_SCRIPT_SANDBOXING = YES;
				GCC_C_LANGUAGE_STANDARD = gnu17;
				GCC_DYNAMIC_NO_PIC = NO;
				GCC_NO_COMMON_BLOCKS = YES;
				GCC_OPTIMIZATION_LEVEL = 0;
				GCC_PREPROCESSOR_DEFINITIONS = (
					"DEBUG=1",
					"$(inherited)",
				);
				GCC_WARN_64_TO_32_BIT_CONVERSION = YES;
				GCC_WARN_ABOUT_RETURN_TYPE = YES_ERROR;
				GCC_WARN_UNDECLARED_SELECTOR = YES;
				GCC_WARN_UNINITIALIZED_AUTOS = YES_AGGRESSIVE;
				GCC_WARN_UNUSED_FUNCTION = YES;
				GCC_WARN_UNUSED_VARIABLE = YES;
				IPHONEOS_DEPLOYMENT_TARGET = 15.0;
				LOCALIZATION_PREFERS_STRING_CATALOGS = YES;
				MTL_ENABLE_DEBUG_INFO = INCLUDE_SOURCE;
				MTL_FAST_MATH = YES;
				ONLY_ACTIVE_ARCH = YES;
				SDKROOT = iphoneos;
				SWIFT_ACTIVE_COMPILATION_CONDITIONS = "DEBUG $(inherited)";
				SWIFT_OPTIMIZATION_LEVEL = "-Onone";
			};
			name = Debug;
		};
		84E425F32BA1E4070057C72F /* Release */ = {
			isa = XCBuildConfiguration;
			buildSettings = {
				ALWAYS_SEARCH_USER_PATHS = NO;
				ASSETCATALOG_COMPILER_GENERATE_SWIFT_ASSET_SYMBOL_EXTENSIONS = YES;
				CLANG_ANALYZER_NONNULL = YES;
				CLANG_ANALYZER_NUMBER_OBJECT_CONVERSION = YES_AGGRESSIVE;
				CLANG_CXX_LANGUAGE_STANDARD = "gnu++20";
				CLANG_ENABLE_MODULES = YES;
				CLANG_ENABLE_OBJC_ARC = YES;
				CLANG_ENABLE_OBJC_WEAK = YES;
				CLANG_WARN_BLOCK_CAPTURE_AUTORELEASING = YES;
				CLANG_WARN_BOOL_CONVERSION = YES;
				CLANG_WARN_COMMA = YES;
				CLANG_WARN_CONSTANT_CONVERSION = YES;
				CLANG_WARN_DEPRECATED_OBJC_IMPLEMENTATIONS = YES;
				CLANG_WARN_DIRECT_OBJC_ISA_USAGE = YES_ERROR;
				CLANG_WARN_DOCUMENTATION_COMMENTS = YES;
				CLANG_WARN_EMPTY_BODY = YES;
				CLANG_WARN_ENUM_CONVERSION = YES;
				CLANG_WARN_INFINITE_RECURSION = YES;
				CLANG_WARN_INT_CONVERSION = YES;
				CLANG_WARN_NON_LITERAL_NULL_CONVERSION = YES;
				CLANG_WARN_OBJC_IMPLICIT_RETAIN_SELF = YES;
				CLANG_WARN_OBJC_LITERAL_CONVERSION = YES;
				CLANG_WARN_OBJC_ROOT_CLASS = YES_ERROR;
				CLANG_WARN_QUOTED_INCLUDE_IN_FRAMEWORK_HEADER = YES;
				CLANG_WARN_RANGE_LOOP_ANALYSIS = YES;
				CLANG_WARN_STRICT_PROTOTYPES = YES;
				CLANG_WARN_SUSPICIOUS_MOVE = YES;
				CLANG_WARN_UNGUARDED_AVAILABILITY = YES_AGGRESSIVE;
				CLANG_WARN_UNREACHABLE_CODE = YES;
				CLANG_WARN__DUPLICATE_METHOD_MATCH = YES;
				COPY_PHASE_STRIP = NO;
				DEBUG_INFORMATION_FORMAT = "dwarf-with-dsym";
				ENABLE_NS_ASSERTIONS = NO;
				ENABLE_STRICT_OBJC_MSGSEND = YES;
				ENABLE_USER_SCRIPT_SANDBOXING = YES;
				GCC_C_LANGUAGE_STANDARD = gnu17;
				GCC_NO_COMMON_BLOCKS = YES;
				GCC_WARN_64_TO_32_BIT_CONVERSION = YES;
				GCC_WARN_ABOUT_RETURN_TYPE = YES_ERROR;
				GCC_WARN_UNDECLARED_SELECTOR = YES;
				GCC_WARN_UNINITIALIZED_AUTOS = YES_AGGRESSIVE;
				GCC_WARN_UNUSED_FUNCTION = YES;
				GCC_WARN_UNUSED_VARIABLE = YES;
				IPHONEOS_DEPLOYMENT_TARGET = 15.0;
				LOCALIZATION_PREFERS_STRING_CATALOGS = YES;
				MTL_ENABLE_DEBUG_INFO = NO;
				MTL_FAST_MATH = YES;
				SDKROOT = iphoneos;
				SWIFT_COMPILATION_MODE = wholemodule;
				VALIDATE_PRODUCT = YES;
			};
			name = Release;
		};
		84E425F52BA1E4070057C72F /* Debug */ = {
			isa = XCBuildConfiguration;
			buildSettings = {
				ALWAYS_SEARCH_USER_PATHS = NO;
				ASSETCATALOG_COMPILER_APPICON_NAME = AppIcon;
				ASSETCATALOG_COMPILER_GLOBAL_ACCENT_COLOR_NAME = AccentColor;
				ASSETCATALOG_COMPILER_INCLUDE_ALL_APPICON_ASSETS = YES;
				CODE_SIGN_STYLE = Automatic;
				CURRENT_PROJECT_VERSION = 1;
				DEVELOPMENT_ASSET_PATHS = "\"EnBitClothings/Preview Content\"";
				DEVELOPMENT_TEAM = 5R23NM6B64;
				ENABLE_PREVIEWS = YES;
				"FRAMEWORK_SEARCH_PATHS[arch=*]" = (
					AlamofireDynamic.framework,
					"PhoneNumberKit-Dynamic.framework",
				);
				GENERATE_INFOPLIST_FILE = YES;
				INFOPLIST_KEY_CFBundleDisplayName = EnbitClothings;
				INFOPLIST_KEY_LSApplicationCategoryType = "public.app-category.business";
				INFOPLIST_KEY_UIApplicationSceneManifest_Generation = YES;
				INFOPLIST_KEY_UIApplicationSupportsIndirectInputEvents = YES;
				INFOPLIST_KEY_UILaunchScreen_Generation = YES;
				INFOPLIST_KEY_UILaunchStoryboardName = LaunchScreen.storyboard;
				INFOPLIST_KEY_UISupportedInterfaceOrientations = UIInterfaceOrientationPortrait;
				IPHONEOS_DEPLOYMENT_TARGET = 16.0;
				LD_RUNPATH_SEARCH_PATHS = (
					"$(inherited)",
					"@executable_path/Frameworks",
				);
				"LIBRARY_SEARCH_PATHS[arch=*]" = (
					"PhoneNumberKit-Dynamic.framework",
					AlamofireDynamic.framework,
				);
				MARKETING_VERSION = 1.0;
				PRODUCT_BUNDLE_IDENTIFIER = "dilshan-dev.EnBitClothings";
				PRODUCT_NAME = "$(TARGET_NAME)";
				SUPPORTED_PLATFORMS = "iphoneos iphonesimulator";
				SUPPORTS_MACCATALYST = NO;
				SUPPORTS_MAC_DESIGNED_FOR_IPHONE_IPAD = NO;
				SUPPORTS_XR_DESIGNED_FOR_IPHONE_IPAD = NO;
				SWIFT_EMIT_LOC_STRINGS = YES;
				SWIFT_VERSION = 5.0;
				TARGETED_DEVICE_FAMILY = 1;
			};
			name = Debug;
		};
		84E425F62BA1E4070057C72F /* Release */ = {
			isa = XCBuildConfiguration;
			buildSettings = {
				ALWAYS_SEARCH_USER_PATHS = NO;
				ASSETCATALOG_COMPILER_APPICON_NAME = AppIcon;
				ASSETCATALOG_COMPILER_GLOBAL_ACCENT_COLOR_NAME = AccentColor;
				ASSETCATALOG_COMPILER_INCLUDE_ALL_APPICON_ASSETS = YES;
				CODE_SIGN_STYLE = Automatic;
				CURRENT_PROJECT_VERSION = 1;
				DEVELOPMENT_ASSET_PATHS = "\"EnBitClothings/Preview Content\"";
				DEVELOPMENT_TEAM = 5R23NM6B64;
				ENABLE_PREVIEWS = YES;
				"FRAMEWORK_SEARCH_PATHS[arch=*]" = (
					"PhoneNumberKit-Dynamic.framework",
					AlamofireDynamic.framework,
				);
				GENERATE_INFOPLIST_FILE = YES;
				INFOPLIST_KEY_CFBundleDisplayName = EnbitClothings;
				INFOPLIST_KEY_LSApplicationCategoryType = "public.app-category.business";
				INFOPLIST_KEY_UIApplicationSceneManifest_Generation = YES;
				INFOPLIST_KEY_UIApplicationSupportsIndirectInputEvents = YES;
				INFOPLIST_KEY_UILaunchScreen_Generation = YES;
				INFOPLIST_KEY_UILaunchStoryboardName = LaunchScreen.storyboard;
				INFOPLIST_KEY_UISupportedInterfaceOrientations = UIInterfaceOrientationPortrait;
				IPHONEOS_DEPLOYMENT_TARGET = 16.0;
				LD_RUNPATH_SEARCH_PATHS = (
					"$(inherited)",
					"@executable_path/Frameworks",
				);
				"LIBRARY_SEARCH_PATHS[arch=*]" = (
					"PhoneNumberKit-Dynamic.framework",
					AlamofireDynamic.framework,
				);
				MARKETING_VERSION = 1.0;
				PRODUCT_BUNDLE_IDENTIFIER = "dilshan-dev.EnBitClothings";
				PRODUCT_NAME = "$(TARGET_NAME)";
				SUPPORTED_PLATFORMS = "iphoneos iphonesimulator";
				SUPPORTS_MACCATALYST = NO;
				SUPPORTS_MAC_DESIGNED_FOR_IPHONE_IPAD = NO;
				SUPPORTS_XR_DESIGNED_FOR_IPHONE_IPAD = NO;
				SWIFT_EMIT_LOC_STRINGS = YES;
				SWIFT_VERSION = 5.0;
				TARGETED_DEVICE_FAMILY = 1;
			};
			name = Release;
		};
/* End XCBuildConfiguration section */

/* Begin XCConfigurationList section */
		84E425E12BA1E4060057C72F /* Build configuration list for PBXProject "EnBitClothings" */ = {
			isa = XCConfigurationList;
			buildConfigurations = (
				84E425F22BA1E4070057C72F /* Debug */,
				84E425F32BA1E4070057C72F /* Release */,
			);
			defaultConfigurationIsVisible = 0;
			defaultConfigurationName = Release;
		};
		84E425F42BA1E4070057C72F /* Build configuration list for PBXNativeTarget "EnBitClothings" */ = {
			isa = XCConfigurationList;
			buildConfigurations = (
				84E425F52BA1E4070057C72F /* Debug */,
				84E425F62BA1E4070057C72F /* Release */,
			);
			defaultConfigurationIsVisible = 0;
			defaultConfigurationName = Release;
		};
/* End XCConfigurationList section */

/* Begin XCRemoteSwiftPackageReference section */
		845DD3FA2BA2C5B30073E78F /* XCRemoteSwiftPackageReference "SDWebImageSwiftUI" */ = {
			isa = XCRemoteSwiftPackageReference;
			repositoryURL = "https://github.com/SDWebImage/SDWebImageSwiftUI.git";
			requirement = {
				kind = upToNextMajorVersion;
				minimumVersion = 2.2.6;
			};
		};
		845DD3FF2BA2C6D70073E78F /* XCRemoteSwiftPackageReference "KDCountryPicker" */ = {
			isa = XCRemoteSwiftPackageReference;
			repositoryURL = "https://github.com/KavinduDissanayake/KDCountryPicker.git";
			requirement = {
				branch = main;
				kind = branch;
			};
		};
		84D14F992BA42BB5006F8E53 /* XCRemoteSwiftPackageReference "Alamofire" */ = {
			isa = XCRemoteSwiftPackageReference;
			repositoryURL = "https://github.com/Alamofire/Alamofire.git";
			requirement = {
				kind = exactVersion;
				version = 5.0.0;
			};
		};
		84D14FA52BA42CA3006F8E53 /* XCRemoteSwiftPackageReference "PhoneNumberKit" */ = {
			isa = XCRemoteSwiftPackageReference;
			repositoryURL = "https://github.com/marmelroy/PhoneNumberKit.git";
			requirement = {
				kind = exactVersion;
				version = 3.0.0;
			};
		};
		84E426042BA1EE220057C72F /* XCRemoteSwiftPackageReference "RappleProgressHUD" */ = {
			isa = XCRemoteSwiftPackageReference;
			repositoryURL = "https://github.com/rjeprasad/RappleProgressHUD.git";
			requirement = {
				kind = upToNextMajorVersion;
				minimumVersion = 4.1.0;
			};
		};
		84E4260D2BA1EF960057C72F /* XCRemoteSwiftPackageReference "SwiftyJSON" */ = {
			isa = XCRemoteSwiftPackageReference;
			repositoryURL = "https://github.com/SwiftyJSON/SwiftyJSON.git";
			requirement = {
				kind = upToNextMajorVersion;
				minimumVersion = 5.0.1;
			};
		};
		84E426652BA204990057C72F /* XCRemoteSwiftPackageReference "Regex" */ = {
			isa = XCRemoteSwiftPackageReference;
			repositoryURL = "https://github.com/crossroadlabs/Regex.git";
			requirement = {
				kind = upToNextMajorVersion;
				minimumVersion = 1.2.0;
			};
		};
		9C9B73ED2BA7B09300A18A50 /* XCRemoteSwiftPackageReference "Alamofire" */ = {
			isa = XCRemoteSwiftPackageReference;
			repositoryURL = "https://github.com/Alamofire/Alamofire.git";
			requirement = {
				kind = upToNextMajorVersion;
				minimumVersion = 5.9.0;
			};
		};
		9CEC50A02BA93D230009F6DC /* XCRemoteSwiftPackageReference "PhoneNumberKit" */ = {
			isa = XCRemoteSwiftPackageReference;
			repositoryURL = "https://github.com/marmelroy/PhoneNumberKit.git";
			requirement = {
				kind = upToNextMajorVersion;
				minimumVersion = 3.6.0;
			};
		};
/* End XCRemoteSwiftPackageReference section */

/* Begin XCSwiftPackageProductDependency section */
		845DD3FB2BA2C5B30073E78F /* SDWebImageSwiftUI */ = {
			isa = XCSwiftPackageProductDependency;
			package = 845DD3FA2BA2C5B30073E78F /* XCRemoteSwiftPackageReference "SDWebImageSwiftUI" */;
			productName = SDWebImageSwiftUI;
		};
		845DD4002BA2C6D70073E78F /* KDCountryPicker */ = {
			isa = XCSwiftPackageProductDependency;
			package = 845DD3FF2BA2C6D70073E78F /* XCRemoteSwiftPackageReference "KDCountryPicker" */;
			productName = KDCountryPicker;
		};
		84D14F9C2BA42BF3006F8E53 /* Alamofire */ = {
			isa = XCSwiftPackageProductDependency;
			package = 84D14F992BA42BB5006F8E53 /* XCRemoteSwiftPackageReference "Alamofire" */;
			productName = Alamofire;
		};
		84D14FA82BA42CC8006F8E53 /* PhoneNumberKit */ = {
			isa = XCSwiftPackageProductDependency;
			package = 84D14FA52BA42CA3006F8E53 /* XCRemoteSwiftPackageReference "PhoneNumberKit" */;
			productName = PhoneNumberKit;
		};
		84E426052BA1EE220057C72F /* RappleProgressHUD */ = {
			isa = XCSwiftPackageProductDependency;
			package = 84E426042BA1EE220057C72F /* XCRemoteSwiftPackageReference "RappleProgressHUD" */;
			productName = RappleProgressHUD;
		};
		84E4260E2BA1EF960057C72F /* SwiftyJSON */ = {
			isa = XCSwiftPackageProductDependency;
			package = 84E4260D2BA1EF960057C72F /* XCRemoteSwiftPackageReference "SwiftyJSON" */;
			productName = SwiftyJSON;
		};
		84E426662BA204990057C72F /* Regex */ = {
			isa = XCSwiftPackageProductDependency;
			package = 84E426652BA204990057C72F /* XCRemoteSwiftPackageReference "Regex" */;
			productName = Regex;
		};
		9C9B73EE2BA7B09300A18A50 /* Alamofire */ = {
			isa = XCSwiftPackageProductDependency;
			package = 9C9B73ED2BA7B09300A18A50 /* XCRemoteSwiftPackageReference "Alamofire" */;
			productName = Alamofire;
		};
		9C9B73F02BA7B09300A18A50 /* AlamofireDynamic */ = {
			isa = XCSwiftPackageProductDependency;
			package = 9C9B73ED2BA7B09300A18A50 /* XCRemoteSwiftPackageReference "Alamofire" */;
			productName = AlamofireDynamic;
		};
		9CEC509C2BA93CC90009F6DC /* Alamofire */ = {
			isa = XCSwiftPackageProductDependency;
			package = 9C9B73ED2BA7B09300A18A50 /* XCRemoteSwiftPackageReference "Alamofire" */;
			productName = Alamofire;
		};
		9CEC509E2BA93CC90009F6DC /* AlamofireDynamic */ = {
			isa = XCSwiftPackageProductDependency;
			package = 9C9B73ED2BA7B09300A18A50 /* XCRemoteSwiftPackageReference "Alamofire" */;
			productName = AlamofireDynamic;
		};
		9CEC50A12BA93D230009F6DC /* PhoneNumberKit */ = {
			isa = XCSwiftPackageProductDependency;
			package = 9CEC50A02BA93D230009F6DC /* XCRemoteSwiftPackageReference "PhoneNumberKit" */;
			productName = PhoneNumberKit;
		};
		9CEC50A32BA93D230009F6DC /* PhoneNumberKit-Dynamic */ = {
			isa = XCSwiftPackageProductDependency;
			package = 9CEC50A02BA93D230009F6DC /* XCRemoteSwiftPackageReference "PhoneNumberKit" */;
			productName = "PhoneNumberKit-Dynamic";
		};
		9CEC50A52BA93D230009F6DC /* PhoneNumberKit-Static */ = {
			isa = XCSwiftPackageProductDependency;
			package = 9CEC50A02BA93D230009F6DC /* XCRemoteSwiftPackageReference "PhoneNumberKit" */;
			productName = "PhoneNumberKit-Static";
		};
/* End XCSwiftPackageProductDependency section */

/* Begin XCVersionGroup section */
		84E426742BA20FF20057C72F /* EnbitClothings.xcdatamodeld */ = {
			isa = XCVersionGroup;
			children = (
				84E426752BA20FF20057C72F /* iBSwiftUIExample.xcdatamodel */,
			);
			currentVersion = 84E426752BA20FF20057C72F /* iBSwiftUIExample.xcdatamodel */;
			path = EnbitClothings.xcdatamodeld;
			sourceTree = "<group>";
			versionGroupType = wrapper.xcdatamodel;
		};
/* End XCVersionGroup section */
	};
	rootObject = 84E425DE2BA1E4060057C72F /* Project object */;
}
