{
  "pins" : [
    {
      "identity" : "alamofire",
      "kind" : "remoteSourceControl",
      "location" : "https://github.com/Alamofire/Alamofire.git",
      "state" : {
        "revision" : "723fa5a6c65812aec4a0d7cc432ee198883b6e00",
        "version" : "5.9.0"
      }
    },
    {
      "identity" : "kdcountrypicker",
      "kind" : "remoteSourceControl",
      "location" : "https://github.com/KavinduDissanayake/KDCountryPicker.git",
      "state" : {
        "branch" : "main",
        "revision" : "8b5106a198b5d62f1be639a77b845d7892dd5fba"
      }
    },
    {
      "identity" : "phonenumberkit",
      "kind" : "remoteSourceControl",
      "location" : "https://github.com/marmelroy/PhoneNumberKit.git",
      "state" : {
        "revision" : "c33b661a37367eb3d9327af33facffa50800136c",
        "version" : "3.0.0"
      }
    },
    {
      "identity" : "rappleprogresshud",
      "kind" : "remoteSourceControl",
      "location" : "https://github.com/rjeprasad/RappleProgressHUD.git",
      "state" : {
        "revision" : "1ef701c43feb0990e0d5e3521a4efa8a2ac40f7e",
        "version" : "4.1.0"
      }
    },
    {
      "identity" : "regex",
      "kind" : "remoteSourceControl",
      "location" : "https://github.com/crossroadlabs/Regex.git",
      "state" : {
        "revision" : "166728756082a9cac6e4aed3ebbce8e41cb3a945",
        "version" : "1.2.0"
      }
    },
    {
      "identity" : "sdwebimage",
      "kind" : "remoteSourceControl",
      "location" : "https://github.com/SDWebImage/SDWebImage.git",
      "state" : {
        "revision" : "73b9397cfbd902f606572964055464903b1d84c6",
        "version" : "5.19.0"
      }
    },
    {
      "identity" : "sdwebimageswiftui",
      "kind" : "remoteSourceControl",
      "location" : "https://github.com/SDWebImage/SDWebImageSwiftUI.git",
      "state" : {
        "revision" : "53573d6dd017e354c0e7d8f1c86b77ef1383c996",
        "version" : "2.2.7"
      }
    },
    {
      "identity" : "swiftyjson",
      "kind" : "remoteSourceControl",
      "location" : "https://github.com/SwiftyJSON/SwiftyJSON.git",
      "state" : {
        "revision" : "b3dcd7dbd0d488e1a7077cb33b00f2083e382f07",
        "version" : "5.0.1"
      }
    }
  ],
  "version" : 2
}
